{
  "version": 4,
  "terraform_version": "1.13.2",
  "serial": 7,
  "lineage": "722f6576-72e3-7feb-f591-dc5e3c93a203",
  "outputs": {
    "api_url": {
      "value": "http://localhost:8000",
      "type": "string"
    },
    "dst_psql": {
      "value": "psql -h localhost -p 5434 -U dst_user dst_db",
      "type": "string"
    },
    "src_psql": {
      "value": "psql -h localhost -p 5433 -U src_user src_db",
      "type": "string"
    }
  },
  "resources": [
    {
      "mode": "data",
      "type": "docker_registry_image",
      "name": "postgres",
      "provider": "provider[\"registry.terraform.io/kreuzwerker/docker\"]",
      "instances": [
        {
          "schema_version": 0,
          "attributes": {
            "id": "sha256:b477759d38be47671d54a054d832791f8ddb9f0eaf6faf51ed17516087793a66",
            "insecure_skip_verify": false,
            "name": "postgres:16",
            "sha256_digest": "sha256:b477759d38be47671d54a054d832791f8ddb9f0eaf6faf51ed17516087793a66"
          },
          "sensitive_attributes": [],
          "identity_schema_version": 0
        }
      ]
    },
    {
      "mode": "managed",
      "type": "docker_image",
      "name": "api",
      "provider": "provider[\"registry.terraform.io/kreuzwerker/docker\"]",
      "instances": [
        {
          "schema_version": 0,
          "attributes": {
            "build": [
              {
                "auth_config": [],
                "build_args": null,
                "build_id": "",
                "build_log_file": "",
                "builder": "",
                "cache_from": [],
                "cgroup_parent": "",
                "context": "./../../app",
                "cpu_period": null,
                "cpu_quota": null,
                "cpu_set_cpus": "",
                "cpu_set_mems": "",
                "cpu_shares": null,
                "dockerfile": "Dockerfile",
                "extra_hosts": [],
                "force_remove": null,
                "isolation": "",
                "label": null,
                "labels": null,
                "memory": null,
                "memory_swap": null,
                "network_mode": "",
                "no_cache": null,
                "platform": "",
                "pull_parent": null,
                "remote_context": "",
                "remove": true,
                "secrets": [],
                "security_opt": [],
                "session_id": "",
                "shm_size": null,
                "squash": null,
                "suppress_output": null,
                "tag": [],
                "target": "",
                "ulimit": [],
                "version": ""
              }
            ],
            "force_remove": null,
            "id": "sha256:38beb3ead8c89227e82605b84688243a5a08a9d8b986a56ab5ebf03f3faad77fdemo-fastapi:local",
            "image_id": "sha256:38beb3ead8c89227e82605b84688243a5a08a9d8b986a56ab5ebf03f3faad77f",
            "keep_locally": null,
            "name": "demo-fastapi:local",
            "platform": null,
            "pull_triggers": null,
            "repo_digest": "",
            "timeouts": null,
            "triggers": null
          },
          "sensitive_attributes": [],
          "identity_schema_version": 0,
          "private": "eyJlMmJmYjczMC1lY2FhLTExZTYtOGY4OC0zNDM2M2JjN2M0YzAiOnsiY3JlYXRlIjoxMjAwMDAwMDAwMDAwLCJkZWxldGUiOjEyMDAwMDAwMDAwMDAsInVwZGF0ZSI6MTIwMDAwMDAwMDAwMH19"
        }
      ]
    },
    {
      "mode": "managed",
      "type": "docker_image",
      "name": "postgres",
      "provider": "provider[\"registry.terraform.io/kreuzwerker/docker\"]",
      "instances": [
        {
          "schema_version": 0,
          "attributes": {
            "build": [],
            "force_remove": null,
            "id": "sha256:168a71fae92e8581e8f6565282cc28252471518f1a898d754c28e45ac00cfcd5postgres:16",
            "image_id": "sha256:168a71fae92e8581e8f6565282cc28252471518f1a898d754c28e45ac00cfcd5",
            "keep_locally": null,
            "name": "postgres:16",
            "platform": null,
            "pull_triggers": [
              "sha256:b477759d38be47671d54a054d832791f8ddb9f0eaf6faf51ed17516087793a66"
            ],
            "repo_digest": "postgres@sha256:b477759d38be47671d54a054d832791f8ddb9f0eaf6faf51ed17516087793a66",
            "timeouts": null,
            "triggers": null
          },
          "sensitive_attributes": [],
          "identity_schema_version": 0,
          "private": "eyJlMmJmYjczMC1lY2FhLTExZTYtOGY4OC0zNDM2M2JjN2M0YzAiOnsiY3JlYXRlIjoxMjAwMDAwMDAwMDAwLCJkZWxldGUiOjEyMDAwMDAwMDAwMDAsInVwZGF0ZSI6MTIwMDAwMDAwMDAwMH19",
          "dependencies": [
            "data.docker_registry_image.postgres"
          ]
        }
      ]
    },
    {
      "mode": "managed",
      "type": "docker_network",
      "name": "app_net",
      "provider": "provider[\"registry.terraform.io/kreuzwerker/docker\"]",
      "instances": [
        {
          "schema_version": 1,
          "attributes": {
            "attachable": false,
            "check_duplicate": null,
            "driver": "bridge",
            "id": "2c2e2ba78556762040fe3c21960a735e4843c8f166f3d52ca77dd3ab08e6a7df",
            "ingress": false,
            "internal": false,
            "ipam_config": [
              {
                "aux_address": {},
                "gateway": "172.19.0.1",
                "ip_range": "",
                "subnet": "172.19.0.0/16"
              }
            ],
            "ipam_driver": "default",
            "ipam_options": null,
            "ipv6": false,
            "labels": [],
            "name": "app_net",
            "options": {},
            "scope": "local"
          },
          "sensitive_attributes": [],
          "identity_schema_version": 0,
          "private": "eyJzY2hlbWFfdmVyc2lvbiI6IjEifQ=="
        }
      ]
    },
    {
      "mode": "managed",
      "type": "docker_volume",
      "name": "dst_db_data",
      "provider": "provider[\"registry.terraform.io/kreuzwerker/docker\"]",
      "instances": [
        {
          "schema_version": 1,
          "attributes": {
            "driver": "local",
            "driver_opts": null,
            "id": "dst_db_data",
            "labels": [],
            "mountpoint": "/var/lib/docker/volumes/dst_db_data/_data",
            "name": "dst_db_data"
          },
          "sensitive_attributes": [],
          "identity_schema_version": 0,
          "private": "eyJzY2hlbWFfdmVyc2lvbiI6IjEifQ=="
        }
      ]
    },
    {
      "mode": "managed",
      "type": "docker_volume",
      "name": "src_db_data",
      "provider": "provider[\"registry.terraform.io/kreuzwerker/docker\"]",
      "instances": [
        {
          "schema_version": 1,
          "attributes": {
            "driver": "local",
            "driver_opts": null,
            "id": "src_db_data",
            "labels": [],
            "mountpoint": "/var/lib/docker/volumes/src_db_data/_data",
            "name": "src_db_data"
          },
          "sensitive_attributes": [],
          "identity_schema_version": 0,
          "private": "eyJzY2hlbWFfdmVyc2lvbiI6IjEifQ=="
        }
      ]
    }
  ],
  "check_results": null
}
