{
  "version": 4,
  "terraform_version": "1.13.2",
  "serial": 684,
  "lineage": "2a75f4a7-0fe5-c789-21a0-55b48d2663cb",
  "outputs": {
    "app_url": {
      "value": "http://localhost/",
      "type": "string"
    },
    "pgadmin_url": {
      "value": "http://localhost:8080",
      "type": "string"
    },
    "pgweb_dst_url": {
      "value": "http://localhost:8082",
      "type": "string"
    },
    "pgweb_src_url": {
      "value": "http://localhost:8081",
      "type": "string"
    },
    "redpanda_admin_url": {
      "value": "http://localhost:9644",
      "type": "string"
    },
    "redpanda_console_url": {
      "value": "http://localhost:8085",
      "type": "string"
    }
  },
  "resources": [
    {
      "mode": "data",
      "type": "docker_registry_image",
      "name": "nginx",
      "provider": "provider[\"registry.terraform.io/kreuzwerker/docker\"]",
      "instances": [
        {
          "schema_version": 0,
          "attributes": {
            "id": "sha256:42a516af16b852e33b7682d5ef8acbd5d13fe08fecadc7ed98605ba5e3b26ab8",
            "insecure_skip_verify": false,
            "name": "nginx:alpine",
            "sha256_digest": "sha256:42a516af16b852e33b7682d5ef8acbd5d13fe08fecadc7ed98605ba5e3b26ab8"
          },
          "sensitive_attributes": [],
          "identity_schema_version": 0
        }
      ]
    },
    {
      "mode": "data",
      "type": "docker_registry_image",
      "name": "postgres",
      "provider": "provider[\"registry.terraform.io/kreuzwerker/docker\"]",
      "instances": [
        {
          "schema_version": 0,
          "attributes": {
            "id": "sha256:b477759d38be47671d54a054d832791f8ddb9f0eaf6faf51ed17516087793a66",
            "insecure_skip_verify": false,
            "name": "postgres:16",
            "sha256_digest": "sha256:b477759d38be47671d54a054d832791f8ddb9f0eaf6faf51ed17516087793a66"
          },
          "sensitive_attributes": [],
          "identity_schema_version": 0
        }
      ]
    },
    {
      "mode": "managed",
      "type": "docker_container",
      "name": "api",
      "provider": "provider[\"registry.terraform.io/kreuzwerker/docker\"]",
      "instances": [
        {
          "schema_version": 2,
          "attributes": {
            "attach": false,
            "bridge": "",
            "capabilities": [],
            "cgroup_parent": null,
            "cgroupns_mode": null,
            "command": [
              "bash",
              "-lc",
              "uvicorn main:app --host 0.0.0.0 --port 8000 --reload --reload-dir /app --reload-dir /ext/_utils"
            ],
            "container_logs": null,
            "container_read_refresh_timeout_milliseconds": 15000,
            "cpu_period": null,
            "cpu_quota": null,
            "cpu_set": "",
            "cpu_shares": 0,
            "cpus": null,
            "destroy_grace_seconds": null,
            "devices": [],
            "dns": [],
            "dns_opts": [],
            "dns_search": [],
            "domainname": "",
            "entrypoint": [],
            "env": [
              "DATABASE_URL_DST=postgresql://dst_user:dst_pass@dst_db:5432/dst_db",
              "DATABASE_URL_SRC=postgresql://src_user:src_pass@src_db:5432/src_db",
              "PYTHONPATH=/ext:/app"
            ],
            "exit_code": null,
            "gpus": null,
            "group_add": [],
            "healthcheck": [
              {
                "interval": "1m30s",
                "retries": 5,
                "start_interval": "0s",
                "start_period": "0s",
                "test": [
                  "CMD-SHELL",
                  "python -c \"import urllib.request,sys; r=urllib.request.urlopen('http://127.0.0.1:8000/health',timeout=2); sys.exit(0 if r.getcode()==200 else 1)\" || exit 1"
                ],
                "timeout": "3s"
              }
            ],
            "host": [],
            "hostname": "3166a53f0803",
            "id": "3166a53f0803c9b11dc7cce1e0a911d56ccc86eb63f164537ff903c331840e64",
            "image": "sha256:0a95ba53845f2ee89537f2d04e9e2e7fee61457520a682523c9399e78444636e",
            "init": false,
            "ipc_mode": "private",
            "labels": [],
            "log_driver": "json-file",
            "log_opts": {},
            "logs": false,
            "max_retry_count": 0,
            "memory": 0,
            "memory_swap": 0,
            "mounts": [
              {
                "bind_options": [],
                "read_only": false,
                "source": "/home/coled/Documents/Code/snowflake-terraform-demo/_utils",
                "target": "/ext/_utils",
                "tmpfs_options": [],
                "type": "bind",
                "volume_options": []
              },
              {
                "bind_options": [],
                "read_only": false,
                "source": "/home/coled/Documents/Code/snowflake-terraform-demo/app",
                "target": "/app",
                "tmpfs_options": [],
                "type": "bind",
                "volume_options": []
              }
            ],
            "must_run": true,
            "name": "api",
            "network_data": [
              {
                "gateway": "172.18.0.1",
                "global_ipv6_address": "",
                "global_ipv6_prefix_length": 0,
                "ip_address": "172.18.0.9",
                "ip_prefix_length": 16,
                "ipv6_gateway": "",
                "mac_address": "4e:6c:ff:3e:42:b5",
                "network_name": "app_net"
              }
            ],
            "network_mode": "bridge",
            "networks_advanced": [
              {
                "aliases": [],
                "ipv4_address": "",
                "ipv6_address": "",
                "name": "app_net"
              }
            ],
            "pid_mode": "",
            "ports": [
              {
                "external": 8000,
                "internal": 8000,
                "ip": "0.0.0.0",
                "protocol": "tcp"
              }
            ],
            "privileged": false,
            "publish_all_ports": false,
            "read_only": false,
            "remove_volumes": true,
            "restart": "always",
            "rm": false,
            "runtime": "runc",
            "security_opts": [],
            "shm_size": 64,
            "start": true,
            "stdin_open": false,
            "stop_signal": "",
            "stop_timeout": 0,
            "storage_opts": {},
            "sysctls": {},
            "tmpfs": {},
            "tty": false,
            "ulimit": [],
            "upload": [],
            "user": "",
            "userns_mode": "",
            "volumes": [],
            "wait": false,
            "wait_timeout": 60,
            "working_dir": "/app"
          },
          "sensitive_attributes": [],
          "identity_schema_version": 0,
          "private": "eyJzY2hlbWFfdmVyc2lvbiI6IjIifQ==",
          "dependencies": [
            "data.docker_registry_image.postgres",
            "docker_container.dst_db",
            "docker_container.src_db",
            "docker_image.api",
            "docker_image.postgres",
            "docker_network.app_net",
            "docker_volume.dst_db_data",
            "docker_volume.src_db_data"
          ]
        }
      ]
    },
    {
      "mode": "managed",
      "type": "docker_container",
      "name": "dst_db",
      "provider": "provider[\"registry.terraform.io/kreuzwerker/docker\"]",
      "instances": [
        {
          "schema_version": 2,
          "attributes": {
            "attach": false,
            "bridge": "",
            "capabilities": [],
            "cgroup_parent": null,
            "cgroupns_mode": null,
            "command": [
              "postgres"
            ],
            "container_logs": null,
            "container_read_refresh_timeout_milliseconds": 15000,
            "cpu_period": null,
            "cpu_quota": null,
            "cpu_set": "",
            "cpu_shares": 0,
            "cpus": null,
            "destroy_grace_seconds": null,
            "devices": [],
            "dns": [],
            "dns_opts": [],
            "dns_search": [],
            "domainname": "",
            "entrypoint": [
              "docker-entrypoint.sh"
            ],
            "env": [
              "POSTGRES_DB=dst_db",
              "POSTGRES_PASSWORD=dst_pass",
              "POSTGRES_USER=dst_user"
            ],
            "exit_code": null,
            "gpus": null,
            "group_add": [],
            "healthcheck": [],
            "host": [],
            "hostname": "ccce898f9fc0",
            "id": "ccce898f9fc000d975aaf7297e4b0909069d6c219c9258cc07f0888defdfb702",
            "image": "sha256:168a71fae92e8581e8f6565282cc28252471518f1a898d754c28e45ac00cfcd5",
            "init": false,
            "ipc_mode": "private",
            "labels": [],
            "log_driver": "json-file",
            "log_opts": {},
            "logs": false,
            "max_retry_count": 0,
            "memory": 0,
            "memory_swap": 0,
            "mounts": [
              {
                "bind_options": [],
                "read_only": false,
                "source": "dst_db_data",
                "target": "/var/lib/postgresql/data",
                "tmpfs_options": [],
                "type": "volume",
                "volume_options": []
              },
              {
                "bind_options": [],
                "read_only": true,
                "source": "/home/coled/Documents/Code/snowflake-terraform-demo/infra/docker/db-init",
                "target": "/docker-entrypoint-initdb.d",
                "tmpfs_options": [],
                "type": "bind",
                "volume_options": []
              }
            ],
            "must_run": true,
            "name": "dst_db",
            "network_data": [
              {
                "gateway": "172.18.0.1",
                "global_ipv6_address": "",
                "global_ipv6_prefix_length": 0,
                "ip_address": "172.18.0.11",
                "ip_prefix_length": 16,
                "ipv6_gateway": "",
                "mac_address": "36:de:ae:a7:e2:77",
                "network_name": "app_net"
              }
            ],
            "network_mode": "bridge",
            "networks_advanced": [
              {
                "aliases": [],
                "ipv4_address": "",
                "ipv6_address": "",
                "name": "app_net"
              }
            ],
            "pid_mode": "",
            "ports": [
              {
                "external": 5434,
                "internal": 5432,
                "ip": "0.0.0.0",
                "protocol": "tcp"
              }
            ],
            "privileged": false,
            "publish_all_ports": false,
            "read_only": false,
            "remove_volumes": true,
            "restart": "always",
            "rm": false,
            "runtime": "runc",
            "security_opts": [],
            "shm_size": 64,
            "start": true,
            "stdin_open": false,
            "stop_signal": "SIGINT",
            "stop_timeout": 0,
            "storage_opts": {},
            "sysctls": {},
            "tmpfs": {},
            "tty": false,
            "ulimit": [],
            "upload": [],
            "user": "",
            "userns_mode": "",
            "volumes": [],
            "wait": false,
            "wait_timeout": 60,
            "working_dir": ""
          },
          "sensitive_attributes": [],
          "identity_schema_version": 0,
          "private": "eyJzY2hlbWFfdmVyc2lvbiI6IjIifQ==",
          "dependencies": [
            "data.docker_registry_image.postgres",
            "docker_image.postgres",
            "docker_network.app_net",
            "docker_volume.dst_db_data"
          ]
        }
      ]
    },
    {
      "mode": "managed",
      "type": "docker_container",
      "name": "nginx",
      "provider": "provider[\"registry.terraform.io/kreuzwerker/docker\"]",
      "instances": [
        {
          "schema_version": 2,
          "attributes": {
            "attach": false,
            "bridge": "",
            "capabilities": [],
            "cgroup_parent": null,
            "cgroupns_mode": null,
            "command": [
              "nginx",
              "-g",
              "daemon off;"
            ],
            "container_logs": null,
            "container_read_refresh_timeout_milliseconds": 15000,
            "cpu_period": null,
            "cpu_quota": null,
            "cpu_set": "",
            "cpu_shares": 0,
            "cpus": null,
            "destroy_grace_seconds": null,
            "devices": [],
            "dns": null,
            "dns_opts": null,
            "dns_search": null,
            "domainname": "",
            "entrypoint": [
              "/docker-entrypoint.sh"
            ],
            "env": [],
            "exit_code": null,
            "gpus": null,
            "group_add": null,
            "healthcheck": null,
            "host": [],
            "hostname": "88f7668eab2d",
            "id": "88f7668eab2db7d9028242f50c667b677e4c598d29b0d7e56fd95545b76d244f",
            "image": "sha256:35f3cbee4fb77c3efb39f2723a21ce181906139442a37de8ffc52d89641d9936",
            "init": false,
            "ipc_mode": "private",
            "labels": [],
            "log_driver": "json-file",
            "log_opts": null,
            "logs": false,
            "max_retry_count": 0,
            "memory": 0,
            "memory_swap": 0,
            "mounts": [
              {
                "bind_options": [],
                "read_only": true,
                "source": "/home/coled/Documents/Code/snowflake-terraform-demo/infra/docker/nginx/certs",
                "target": "/etc/nginx/certs",
                "tmpfs_options": [],
                "type": "bind",
                "volume_options": []
              },
              {
                "bind_options": [],
                "read_only": true,
                "source": "/home/coled/Documents/Code/snowflake-terraform-demo/infra/docker/nginx/nginx.conf",
                "target": "/etc/nginx/nginx.conf",
                "tmpfs_options": [],
                "type": "bind",
                "volume_options": []
              }
            ],
            "must_run": true,
            "name": "nginx",
            "network_data": [
              {
                "gateway": "172.18.0.1",
                "global_ipv6_address": "",
                "global_ipv6_prefix_length": 0,
                "ip_address": "172.18.0.7",
                "ip_prefix_length": 16,
                "ipv6_gateway": "",
                "mac_address": "9e:fc:9d:b8:6f:5c",
                "network_name": "app_net"
              }
            ],
            "network_mode": "bridge",
            "networks_advanced": [
              {
                "aliases": [],
                "ipv4_address": "",
                "ipv6_address": "",
                "name": "app_net"
              }
            ],
            "pid_mode": "",
            "ports": [
              {
                "external": 80,
                "internal": 80,
                "ip": "0.0.0.0",
                "protocol": "tcp"
              },
              {
                "external": 80,
                "internal": 80,
                "ip": "::",
                "protocol": "tcp"
              },
              {
                "external": 443,
                "internal": 443,
                "ip": "0.0.0.0",
                "protocol": "tcp"
              },
              {
                "external": 443,
                "internal": 443,
                "ip": "::",
                "protocol": "tcp"
              }
            ],
            "privileged": false,
            "publish_all_ports": false,
            "read_only": false,
            "remove_volumes": true,
            "restart": "always",
            "rm": false,
            "runtime": "runc",
            "security_opts": [],
            "shm_size": 64,
            "start": true,
            "stdin_open": false,
            "stop_signal": "SIGQUIT",
            "stop_timeout": 0,
            "storage_opts": null,
            "sysctls": null,
            "tmpfs": null,
            "tty": false,
            "ulimit": [],
            "upload": [],
            "user": "",
            "userns_mode": "",
            "volumes": [],
            "wait": false,
            "wait_timeout": 60,
            "working_dir": "/"
          },
          "sensitive_attributes": [],
          "identity_schema_version": 0,
          "private": "eyJzY2hlbWFfdmVyc2lvbiI6IjIifQ==",
          "dependencies": [
            "data.docker_registry_image.nginx",
            "data.docker_registry_image.postgres",
            "docker_container.api",
            "docker_container.dst_db",
            "docker_container.pgadmin",
            "docker_container.pgweb_dst",
            "docker_container.pgweb_src",
            "docker_container.src_db",
            "docker_image.api",
            "docker_image.nginx",
            "docker_image.postgres",
            "docker_network.app_net",
            "docker_volume.dst_db_data",
            "docker_volume.src_db_data"
          ]
        }
      ]
    },
    {
      "mode": "managed",
      "type": "docker_container",
      "name": "pgadmin",
      "provider": "provider[\"registry.terraform.io/kreuzwerker/docker\"]",
      "instances": [
        {
          "schema_version": 2,
          "attributes": {
            "attach": false,
            "bridge": "",
            "capabilities": [],
            "cgroup_parent": null,
            "cgroupns_mode": null,
            "command": [],
            "container_logs": null,
            "container_read_refresh_timeout_milliseconds": 15000,
            "cpu_period": null,
            "cpu_quota": null,
            "cpu_set": "",
            "cpu_shares": 0,
            "cpus": null,
            "destroy_grace_seconds": null,
            "devices": [],
            "dns": [],
            "dns_opts": [],
            "dns_search": [],
            "domainname": "",
            "entrypoint": [
              "/entrypoint.sh"
            ],
            "env": [
              "PGADMIN_DEFAULT_EMAIL=admin@example.com",
              "PGADMIN_DEFAULT_PASSWORD=admin"
            ],
            "exit_code": null,
            "gpus": null,
            "group_add": [],
            "healthcheck": [],
            "host": [],
            "hostname": "fd72557d3c97",
            "id": "fd72557d3c971d3330244dba9e37f820598a7e0af27a3c68a332bef747ba0f05",
            "image": "dpage/pgadmin4:8",
            "init": false,
            "ipc_mode": "private",
            "labels": [],
            "log_driver": "json-file",
            "log_opts": {},
            "logs": false,
            "max_retry_count": 0,
            "memory": 0,
            "memory_swap": 0,
            "mounts": [],
            "must_run": true,
            "name": "pgadmin",
            "network_data": [
              {
                "gateway": "172.18.0.1",
                "global_ipv6_address": "",
                "global_ipv6_prefix_length": 0,
                "ip_address": "172.18.0.8",
                "ip_prefix_length": 16,
                "ipv6_gateway": "",
                "mac_address": "ca:15:d9:d3:b8:02",
                "network_name": "app_net"
              }
            ],
            "network_mode": "bridge",
            "networks_advanced": [
              {
                "aliases": [],
                "ipv4_address": "",
                "ipv6_address": "",
                "name": "app_net"
              }
            ],
            "pid_mode": "",
            "ports": [
              {
                "external": 8080,
                "internal": 80,
                "ip": "0.0.0.0",
                "protocol": "tcp"
              }
            ],
            "privileged": false,
            "publish_all_ports": false,
            "read_only": false,
            "remove_volumes": true,
            "restart": "always",
            "rm": false,
            "runtime": "runc",
            "security_opts": [],
            "shm_size": 64,
            "start": true,
            "stdin_open": false,
            "stop_signal": "",
            "stop_timeout": 0,
            "storage_opts": {},
            "sysctls": {},
            "tmpfs": {},
            "tty": false,
            "ulimit": [],
            "upload": [],
            "user": "pgadmin",
            "userns_mode": "",
            "volumes": [],
            "wait": false,
            "wait_timeout": 60,
            "working_dir": "/pgadmin4"
          },
          "sensitive_attributes": [],
          "identity_schema_version": 0,
          "private": "eyJzY2hlbWFfdmVyc2lvbiI6IjIifQ==",
          "dependencies": [
            "docker_network.app_net"
          ]
        }
      ]
    },
    {
      "mode": "managed",
      "type": "docker_container",
      "name": "pgweb_dst",
      "provider": "provider[\"registry.terraform.io/kreuzwerker/docker\"]",
      "instances": [
        {
          "schema_version": 2,
          "attributes": {
            "attach": false,
            "bridge": "",
            "capabilities": [],
            "cgroup_parent": null,
            "cgroupns_mode": null,
            "command": [
              "--bind=0.0.0.0",
              "--listen=8081",
              "--url=postgres://dst_user:dst_pass@dst_db:5432/dst_db?sslmode=disable"
            ],
            "container_logs": null,
            "container_read_refresh_timeout_milliseconds": 15000,
            "cpu_period": null,
            "cpu_quota": null,
            "cpu_set": "",
            "cpu_shares": 0,
            "cpus": null,
            "destroy_grace_seconds": null,
            "devices": [],
            "dns": [],
            "dns_opts": [],
            "dns_search": [],
            "domainname": "",
            "entrypoint": [
              "/usr/bin/pgweb",
              "--bind=0.0.0.0",
              "--listen=8081"
            ],
            "env": [],
            "exit_code": null,
            "gpus": null,
            "group_add": [],
            "healthcheck": [],
            "host": [],
            "hostname": "8e08459c42c7",
            "id": "8e08459c42c7fcb8f9a397b5a61684c185053c8a18b6f80993fd9ec3e7e9359f",
            "image": "sosedoff/pgweb:latest",
            "init": false,
            "ipc_mode": "private",
            "labels": [],
            "log_driver": "json-file",
            "log_opts": {},
            "logs": false,
            "max_retry_count": 0,
            "memory": 0,
            "memory_swap": 0,
            "mounts": [],
            "must_run": true,
            "name": "pgweb_dst",
            "network_data": [
              {
                "gateway": "172.18.0.1",
                "global_ipv6_address": "",
                "global_ipv6_prefix_length": 0,
                "ip_address": "172.18.0.3",
                "ip_prefix_length": 16,
                "ipv6_gateway": "",
                "mac_address": "9e:4e:aa:32:6a:7c",
                "network_name": "app_net"
              }
            ],
            "network_mode": "bridge",
            "networks_advanced": [
              {
                "aliases": [],
                "ipv4_address": "",
                "ipv6_address": "",
                "name": "app_net"
              }
            ],
            "pid_mode": "",
            "ports": [
              {
                "external": 8082,
                "internal": 8081,
                "ip": "0.0.0.0",
                "protocol": "tcp"
              }
            ],
            "privileged": false,
            "publish_all_ports": false,
            "read_only": false,
            "remove_volumes": true,
            "restart": "always",
            "rm": false,
            "runtime": "runc",
            "security_opts": [],
            "shm_size": 64,
            "start": true,
            "stdin_open": false,
            "stop_signal": "",
            "stop_timeout": 0,
            "storage_opts": {},
            "sysctls": {},
            "tmpfs": {},
            "tty": false,
            "ulimit": [],
            "upload": [],
            "user": "pgweb",
            "userns_mode": "",
            "volumes": [],
            "wait": false,
            "wait_timeout": 60,
            "working_dir": ""
          },
          "sensitive_attributes": [],
          "identity_schema_version": 0,
          "private": "eyJzY2hlbWFfdmVyc2lvbiI6IjIifQ==",
          "dependencies": [
            "docker_network.app_net"
          ]
        }
      ]
    },
    {
      "mode": "managed",
      "type": "docker_container",
      "name": "pgweb_src",
      "provider": "provider[\"registry.terraform.io/kreuzwerker/docker\"]",
      "instances": [
        {
          "schema_version": 2,
          "attributes": {
            "attach": false,
            "bridge": "",
            "capabilities": [],
            "cgroup_parent": null,
            "cgroupns_mode": null,
            "command": [
              "--bind=0.0.0.0",
              "--listen=8081",
              "--url=postgres://src_user:src_pass@src_db:5432/src_db?sslmode=disable"
            ],
            "container_logs": null,
            "container_read_refresh_timeout_milliseconds": 15000,
            "cpu_period": null,
            "cpu_quota": null,
            "cpu_set": "",
            "cpu_shares": 0,
            "cpus": null,
            "destroy_grace_seconds": null,
            "devices": [],
            "dns": [],
            "dns_opts": [],
            "dns_search": [],
            "domainname": "",
            "entrypoint": [
              "/usr/bin/pgweb",
              "--bind=0.0.0.0",
              "--listen=8081"
            ],
            "env": [],
            "exit_code": null,
            "gpus": null,
            "group_add": [],
            "healthcheck": [],
            "host": [],
            "hostname": "7c3993aa0e32",
            "id": "7c3993aa0e3251d60d3fc10b9c70e039d2fe9ea5813ddbae3f15e05823ab1507",
            "image": "sosedoff/pgweb:latest",
            "init": false,
            "ipc_mode": "private",
            "labels": [],
            "log_driver": "json-file",
            "log_opts": {},
            "logs": false,
            "max_retry_count": 0,
            "memory": 0,
            "memory_swap": 0,
            "mounts": [],
            "must_run": true,
            "name": "pgweb_src",
            "network_data": [
              {
                "gateway": "172.18.0.1",
                "global_ipv6_address": "",
                "global_ipv6_prefix_length": 0,
                "ip_address": "172.18.0.2",
                "ip_prefix_length": 16,
                "ipv6_gateway": "",
                "mac_address": "52:94:ca:37:46:de",
                "network_name": "app_net"
              }
            ],
            "network_mode": "bridge",
            "networks_advanced": [
              {
                "aliases": [],
                "ipv4_address": "",
                "ipv6_address": "",
                "name": "app_net"
              }
            ],
            "pid_mode": "",
            "ports": [
              {
                "external": 8081,
                "internal": 8081,
                "ip": "0.0.0.0",
                "protocol": "tcp"
              }
            ],
            "privileged": false,
            "publish_all_ports": false,
            "read_only": false,
            "remove_volumes": true,
            "restart": "always",
            "rm": false,
            "runtime": "runc",
            "security_opts": [],
            "shm_size": 64,
            "start": true,
            "stdin_open": false,
            "stop_signal": "",
            "stop_timeout": 0,
            "storage_opts": {},
            "sysctls": {},
            "tmpfs": {},
            "tty": false,
            "ulimit": [],
            "upload": [],
            "user": "pgweb",
            "userns_mode": "",
            "volumes": [],
            "wait": false,
            "wait_timeout": 60,
            "working_dir": ""
          },
          "sensitive_attributes": [],
          "identity_schema_version": 0,
          "private": "eyJzY2hlbWFfdmVyc2lvbiI6IjIifQ==",
          "dependencies": [
            "docker_network.app_net"
          ]
        }
      ]
    },
    {
      "mode": "managed",
      "type": "docker_container",
      "name": "src_db",
      "provider": "provider[\"registry.terraform.io/kreuzwerker/docker\"]",
      "instances": [
        {
          "schema_version": 2,
          "attributes": {
            "attach": false,
            "bridge": "",
            "capabilities": [],
            "cgroup_parent": null,
            "cgroupns_mode": null,
            "command": [
              "postgres"
            ],
            "container_logs": null,
            "container_read_refresh_timeout_milliseconds": 15000,
            "cpu_period": null,
            "cpu_quota": null,
            "cpu_set": "",
            "cpu_shares": 0,
            "cpus": null,
            "destroy_grace_seconds": null,
            "devices": [],
            "dns": [],
            "dns_opts": [],
            "dns_search": [],
            "domainname": "",
            "entrypoint": [
              "docker-entrypoint.sh"
            ],
            "env": [
              "POSTGRES_DB=src_db",
              "POSTGRES_PASSWORD=src_pass",
              "POSTGRES_USER=src_user"
            ],
            "exit_code": null,
            "gpus": null,
            "group_add": [],
            "healthcheck": [],
            "host": [],
            "hostname": "ffca9445f895",
            "id": "ffca9445f8956732efedcfb4a5c89a5fdcf6c0e8d462ba7da5481f1ba4d115de",
            "image": "sha256:168a71fae92e8581e8f6565282cc28252471518f1a898d754c28e45ac00cfcd5",
            "init": false,
            "ipc_mode": "private",
            "labels": [],
            "log_driver": "json-file",
            "log_opts": {},
            "logs": false,
            "max_retry_count": 0,
            "memory": 0,
            "memory_swap": 0,
            "mounts": [
              {
                "bind_options": [],
                "read_only": false,
                "source": "src_db_data",
                "target": "/var/lib/postgresql/data",
                "tmpfs_options": [],
                "type": "volume",
                "volume_options": []
              },
              {
                "bind_options": [],
                "read_only": true,
                "source": "/home/coled/Documents/Code/snowflake-terraform-demo/infra/docker/db-init",
                "target": "/docker-entrypoint-initdb.d",
                "tmpfs_options": [],
                "type": "bind",
                "volume_options": []
              }
            ],
            "must_run": true,
            "name": "src_db",
            "network_data": [
              {
                "gateway": "172.18.0.1",
                "global_ipv6_address": "",
                "global_ipv6_prefix_length": 0,
                "ip_address": "172.18.0.6",
                "ip_prefix_length": 16,
                "ipv6_gateway": "",
                "mac_address": "0a:a1:d0:30:58:83",
                "network_name": "app_net"
              }
            ],
            "network_mode": "bridge",
            "networks_advanced": [
              {
                "aliases": [],
                "ipv4_address": "",
                "ipv6_address": "",
                "name": "app_net"
              }
            ],
            "pid_mode": "",
            "ports": [
              {
                "external": 5433,
                "internal": 5432,
                "ip": "0.0.0.0",
                "protocol": "tcp"
              }
            ],
            "privileged": false,
            "publish_all_ports": false,
            "read_only": false,
            "remove_volumes": true,
            "restart": "always",
            "rm": false,
            "runtime": "runc",
            "security_opts": [],
            "shm_size": 64,
            "start": true,
            "stdin_open": false,
            "stop_signal": "SIGINT",
            "stop_timeout": 0,
            "storage_opts": {},
            "sysctls": {},
            "tmpfs": {},
            "tty": false,
            "ulimit": [],
            "upload": [],
            "user": "",
            "userns_mode": "",
            "volumes": [],
            "wait": false,
            "wait_timeout": 60,
            "working_dir": ""
          },
          "sensitive_attributes": [],
          "identity_schema_version": 0,
          "private": "eyJzY2hlbWFfdmVyc2lvbiI6IjIifQ==",
          "dependencies": [
            "data.docker_registry_image.postgres",
            "docker_image.postgres",
            "docker_network.app_net",
            "docker_volume.src_db_data"
          ]
        }
      ]
    },
    {
      "mode": "managed",
      "type": "docker_image",
      "name": "api",
      "provider": "provider[\"registry.terraform.io/kreuzwerker/docker\"]",
      "instances": [
        {
          "schema_version": 0,
          "attributes": {
            "build": [
              {
                "auth_config": [],
                "build_args": {
                  "REQ_HASH": "f70d74415cd6dadd8184153c807375eaf79a1005cc79a39e88aca52148082c82"
                },
                "build_id": "",
                "build_log_file": "",
                "builder": "",
                "cache_from": [],
                "cgroup_parent": "",
                "context": "/home/coled/Documents/Code/snowflake-terraform-demo",
                "cpu_period": 0,
                "cpu_quota": 0,
                "cpu_set_cpus": "",
                "cpu_set_mems": "",
                "cpu_shares": 0,
                "dockerfile": "app/Dockerfile",
                "extra_hosts": [],
                "force_remove": false,
                "isolation": "",
                "label": {},
                "labels": {},
                "memory": 0,
                "memory_swap": 0,
                "network_mode": "",
                "no_cache": false,
                "platform": "",
                "pull_parent": false,
                "remote_context": "",
                "remove": true,
                "secrets": [],
                "security_opt": [],
                "session_id": "",
                "shm_size": 0,
                "squash": false,
                "suppress_output": false,
                "tag": [],
                "target": "",
                "ulimit": [],
                "version": ""
              }
            ],
            "force_remove": null,
            "id": "sha256:0a95ba53845f2ee89537f2d04e9e2e7fee61457520a682523c9399e78444636edemo-fastapi:local",
            "image_id": "sha256:0a95ba53845f2ee89537f2d04e9e2e7fee61457520a682523c9399e78444636e",
            "keep_locally": null,
            "name": "demo-fastapi:local",
            "platform": null,
            "pull_triggers": null,
            "repo_digest": "",
            "timeouts": null,
            "triggers": null
          },
          "sensitive_attributes": [],
          "identity_schema_version": 0,
          "private": "eyJlMmJmYjczMC1lY2FhLTExZTYtOGY4OC0zNDM2M2JjN2M0YzAiOnsiY3JlYXRlIjoxMjAwMDAwMDAwMDAwLCJkZWxldGUiOjEyMDAwMDAwMDAwMDAsInVwZGF0ZSI6MTIwMDAwMDAwMDAwMH19"
        }
      ]
    },
    {
      "mode": "managed",
      "type": "docker_image",
      "name": "nginx",
      "provider": "provider[\"registry.terraform.io/kreuzwerker/docker\"]",
      "instances": [
        {
          "schema_version": 0,
          "attributes": {
            "build": [],
            "force_remove": null,
            "id": "sha256:35f3cbee4fb77c3efb39f2723a21ce181906139442a37de8ffc52d89641d9936nginx:alpine",
            "image_id": "sha256:35f3cbee4fb77c3efb39f2723a21ce181906139442a37de8ffc52d89641d9936",
            "keep_locally": null,
            "name": "nginx:alpine",
            "platform": null,
            "pull_triggers": [
              "sha256:42a516af16b852e33b7682d5ef8acbd5d13fe08fecadc7ed98605ba5e3b26ab8"
            ],
            "repo_digest": "nginx@sha256:42a516af16b852e33b7682d5ef8acbd5d13fe08fecadc7ed98605ba5e3b26ab8",
            "timeouts": null,
            "triggers": null
          },
          "sensitive_attributes": [],
          "identity_schema_version": 0,
          "private": "eyJlMmJmYjczMC1lY2FhLTExZTYtOGY4OC0zNDM2M2JjN2M0YzAiOnsiY3JlYXRlIjoxMjAwMDAwMDAwMDAwLCJkZWxldGUiOjEyMDAwMDAwMDAwMDAsInVwZGF0ZSI6MTIwMDAwMDAwMDAwMH19",
          "dependencies": [
            "data.docker_registry_image.nginx"
          ]
        }
      ]
    },
    {
      "mode": "managed",
      "type": "docker_image",
      "name": "postgres",
      "provider": "provider[\"registry.terraform.io/kreuzwerker/docker\"]",
      "instances": [
        {
          "schema_version": 0,
          "attributes": {
            "build": [],
            "force_remove": null,
            "id": "sha256:168a71fae92e8581e8f6565282cc28252471518f1a898d754c28e45ac00cfcd5postgres:16",
            "image_id": "sha256:168a71fae92e8581e8f6565282cc28252471518f1a898d754c28e45ac00cfcd5",
            "keep_locally": null,
            "name": "postgres:16",
            "platform": null,
            "pull_triggers": [
              "sha256:b477759d38be47671d54a054d832791f8ddb9f0eaf6faf51ed17516087793a66"
            ],
            "repo_digest": "postgres@sha256:b477759d38be47671d54a054d832791f8ddb9f0eaf6faf51ed17516087793a66",
            "timeouts": null,
            "triggers": null
          },
          "sensitive_attributes": [],
          "identity_schema_version": 0,
          "private": "eyJlMmJmYjczMC1lY2FhLTExZTYtOGY4OC0zNDM2M2JjN2M0YzAiOnsiY3JlYXRlIjoxMjAwMDAwMDAwMDAwLCJkZWxldGUiOjEyMDAwMDAwMDAwMDAsInVwZGF0ZSI6MTIwMDAwMDAwMDAwMH19",
          "dependencies": [
            "data.docker_registry_image.postgres"
          ]
        }
      ]
    },
    {
      "mode": "managed",
      "type": "docker_network",
      "name": "app_net",
      "provider": "provider[\"registry.terraform.io/kreuzwerker/docker\"]",
      "instances": [
        {
          "schema_version": 1,
          "attributes": {
            "attachable": false,
            "check_duplicate": null,
            "driver": "bridge",
            "id": "63ba54e8d22c19ad5d5e9324abc833ecfeb943c31416b7d7e4bb0d3180b5a57a",
            "ingress": false,
            "internal": false,
            "ipam_config": [
              {
                "aux_address": {},
                "gateway": "172.18.0.1",
                "ip_range": "",
                "subnet": "172.18.0.0/16"
              }
            ],
            "ipam_driver": "default",
            "ipam_options": {},
            "ipv6": false,
            "labels": [],
            "name": "app_net",
            "options": {},
            "scope": "local"
          },
          "sensitive_attributes": [],
          "identity_schema_version": 0,
          "private": "eyJzY2hlbWFfdmVyc2lvbiI6IjEifQ=="
        }
      ]
    },
    {
      "mode": "managed",
      "type": "docker_volume",
      "name": "dst_db_data",
      "provider": "provider[\"registry.terraform.io/kreuzwerker/docker\"]",
      "instances": [
        {
          "schema_version": 1,
          "attributes": {
            "driver": "local",
            "driver_opts": {},
            "id": "dst_db_data",
            "labels": [],
            "mountpoint": "/var/lib/docker/volumes/dst_db_data/_data",
            "name": "dst_db_data"
          },
          "sensitive_attributes": [],
          "identity_schema_version": 0,
          "private": "eyJzY2hlbWFfdmVyc2lvbiI6IjEifQ=="
        }
      ]
    },
    {
      "mode": "managed",
      "type": "docker_volume",
      "name": "src_db_data",
      "provider": "provider[\"registry.terraform.io/kreuzwerker/docker\"]",
      "instances": [
        {
          "schema_version": 1,
          "attributes": {
            "driver": "local",
            "driver_opts": {},
            "id": "src_db_data",
            "labels": [],
            "mountpoint": "/var/lib/docker/volumes/src_db_data/_data",
            "name": "src_db_data"
          },
          "sensitive_attributes": [],
          "identity_schema_version": 0,
          "private": "eyJzY2hlbWFfdmVyc2lvbiI6IjEifQ=="
        }
      ]
    },
    {
      "module": "module.kafka",
      "mode": "data",
      "type": "docker_network",
      "name": "net",
      "provider": "provider[\"registry.terraform.io/kreuzwerker/docker\"]",
      "instances": [
        {
          "schema_version": 0,
          "attributes": {
            "driver": "bridge",
            "id": "63ba54e8d22c19ad5d5e9324abc833ecfeb943c31416b7d7e4bb0d3180b5a57a",
            "internal": false,
            "ipam_config": [
              {
                "aux_address": {},
                "gateway": "172.18.0.1",
                "ip_range": "",
                "subnet": "172.18.0.0/16"
              }
            ],
            "name": "app_net",
            "options": {},
            "scope": "local"
          },
          "sensitive_attributes": [],
          "identity_schema_version": 0
        }
      ]
    },
    {
      "module": "module.kafka",
      "mode": "managed",
      "type": "docker_container",
      "name": "redpanda",
      "provider": "provider[\"registry.terraform.io/kreuzwerker/docker\"]",
      "instances": [
        {
          "schema_version": 2,
          "attributes": {
            "attach": false,
            "bridge": "",
            "capabilities": [],
            "cgroup_parent": null,
            "cgroupns_mode": null,
            "command": [
              "redpanda",
              "start",
              "--kafka-addr",
              "internal://0.0.0.0:9092,external://0.0.0.0:19092",
              "--advertise-kafka-addr",
              "internal://redpanda:9092,external://localhost:19092",
              "--rpc-addr",
              "redpanda:33145",
              "--advertise-rpc-addr",
              "redpanda:33145",
              "--mode",
              "dev-container",
              "--overprovisioned",
              "--smp",
              "1",
              "--memory",
              "1024M",
              "--reserve-memory",
              "0M",
              "--check=false"
            ],
            "container_logs": null,
            "container_read_refresh_timeout_milliseconds": 15000,
            "cpu_period": null,
            "cpu_quota": null,
            "cpu_set": "",
            "cpu_shares": 0,
            "cpus": null,
            "destroy_grace_seconds": null,
            "devices": [],
            "dns": [],
            "dns_opts": [],
            "dns_search": [],
            "domainname": "",
            "entrypoint": [
              "/entrypoint.sh"
            ],
            "env": [],
            "exit_code": null,
            "gpus": null,
            "group_add": [],
            "healthcheck": [
              {
                "interval": "10s",
                "retries": 10,
                "start_interval": "0s",
                "start_period": "20s",
                "test": [
                  "CMD-SHELL",
                  "bash -lc 'exec 3\u003c\u003e/dev/tcp/127.0.0.1/9644'"
                ],
                "timeout": "3s"
              }
            ],
            "host": [],
            "hostname": "dc4ba59321de",
            "id": "dc4ba59321de4fe114488b102236811a02e897fb37cd5adab735ed63016f59e0",
            "image": "sha256:1490f50004d3d4290df793c7af1466565948c7d212781f84654f9cdd006c9c01",
            "init": false,
            "ipc_mode": "private",
            "labels": [],
            "log_driver": "json-file",
            "log_opts": {},
            "logs": false,
            "max_retry_count": 0,
            "memory": 0,
            "memory_swap": 0,
            "mounts": [
              {
                "bind_options": [],
                "read_only": false,
                "source": "redpanda_data",
                "target": "/var/lib/redpanda/data",
                "tmpfs_options": [],
                "type": "volume",
                "volume_options": []
              }
            ],
            "must_run": true,
            "name": "redpanda",
            "network_data": [
              {
                "gateway": "172.18.0.1",
                "global_ipv6_address": "",
                "global_ipv6_prefix_length": 0,
                "ip_address": "172.18.0.10",
                "ip_prefix_length": 16,
                "ipv6_gateway": "",
                "mac_address": "4e:f8:23:22:c1:cb",
                "network_name": "app_net"
              }
            ],
            "network_mode": "bridge",
            "networks_advanced": [
              {
                "aliases": [],
                "ipv4_address": "",
                "ipv6_address": "",
                "name": "app_net"
              }
            ],
            "pid_mode": "",
            "ports": [
              {
                "external": 19092,
                "internal": 9092,
                "ip": "0.0.0.0",
                "protocol": "tcp"
              },
              {
                "external": 9644,
                "internal": 9644,
                "ip": "0.0.0.0",
                "protocol": "tcp"
              }
            ],
            "privileged": false,
            "publish_all_ports": false,
            "read_only": false,
            "remove_volumes": true,
            "restart": "unless-stopped",
            "rm": false,
            "runtime": "runc",
            "security_opts": [],
            "shm_size": 64,
            "start": true,
            "stdin_open": false,
            "stop_signal": "",
            "stop_timeout": 0,
            "storage_opts": {},
            "sysctls": {},
            "tmpfs": {},
            "tty": false,
            "ulimit": [],
            "upload": [],
            "user": "redpanda",
            "userns_mode": "",
            "volumes": [],
            "wait": false,
            "wait_timeout": 60,
            "working_dir": ""
          },
          "sensitive_attributes": [],
          "identity_schema_version": 0,
          "private": "eyJzY2hlbWFfdmVyc2lvbiI6IjIifQ==",
          "dependencies": [
            "docker_network.app_net",
            "module.kafka.data.docker_network.net",
            "module.kafka.docker_image.redpanda",
            "module.kafka.docker_volume.redpanda_data"
          ]
        }
      ]
    },
    {
      "module": "module.kafka",
      "mode": "managed",
      "type": "docker_container",
      "name": "redpanda-console",
      "provider": "provider[\"registry.terraform.io/kreuzwerker/docker\"]",
      "instances": [
        {
          "schema_version": 2,
          "attributes": {
            "attach": false,
            "bridge": "",
            "capabilities": [],
            "cgroup_parent": null,
            "cgroupns_mode": null,
            "command": [],
            "container_logs": null,
            "container_read_refresh_timeout_milliseconds": 15000,
            "cpu_period": null,
            "cpu_quota": null,
            "cpu_set": "",
            "cpu_shares": 0,
            "cpus": null,
            "destroy_grace_seconds": null,
            "devices": [],
            "dns": [],
            "dns_opts": [],
            "dns_search": [],
            "domainname": "",
            "entrypoint": [
              "./console"
            ],
            "env": [
              "KAFKA_BROKERS=redpanda:9092"
            ],
            "exit_code": null,
            "gpus": null,
            "group_add": [],
            "healthcheck": [
              {
                "interval": "10s",
                "retries": 10,
                "start_interval": "0s",
                "start_period": "10s",
                "test": [
                  "CMD-SHELL",
                  "sh -lc '(command -v curl \u0026\u0026 curl -fsS http://127.0.0.1:8080/) || (command -v wget \u0026\u0026 wget -qO- http://127.0.0.1:8080/)'"
                ],
                "timeout": "3s"
              }
            ],
            "host": [],
            "hostname": "2d34be9f9552",
            "id": "2d34be9f95526fb6d60b0e36ba68f9b596446b817ec071aa0b9912f9fd3bfc72",
            "image": "sha256:17e126aeaf528f5e6189b647d8968c83b2de745fc31e62f48b8df88bf6e1be7e",
            "init": false,
            "ipc_mode": "private",
            "labels": [],
            "log_driver": "json-file",
            "log_opts": {},
            "logs": false,
            "max_retry_count": 0,
            "memory": 0,
            "memory_swap": 0,
            "mounts": [],
            "must_run": true,
            "name": "redpanda-console",
            "network_data": [
              {
                "gateway": "172.18.0.1",
                "global_ipv6_address": "",
                "global_ipv6_prefix_length": 0,
                "ip_address": "172.18.0.5",
                "ip_prefix_length": 16,
                "ipv6_gateway": "",
                "mac_address": "92:53:0a:8e:67:3c",
                "network_name": "app_net"
              }
            ],
            "network_mode": "bridge",
            "networks_advanced": [
              {
                "aliases": [],
                "ipv4_address": "",
                "ipv6_address": "",
                "name": "app_net"
              }
            ],
            "pid_mode": "",
            "ports": [
              {
                "external": 8085,
                "internal": 8080,
                "ip": "0.0.0.0",
                "protocol": "tcp"
              }
            ],
            "privileged": false,
            "publish_all_ports": false,
            "read_only": false,
            "remove_volumes": true,
            "restart": "unless-stopped",
            "rm": false,
            "runtime": "runc",
            "security_opts": [],
            "shm_size": 64,
            "start": true,
            "stdin_open": false,
            "stop_signal": "",
            "stop_timeout": 0,
            "storage_opts": {},
            "sysctls": {},
            "tmpfs": {},
            "tty": false,
            "ulimit": [],
            "upload": [],
            "user": "redpandaconsole",
            "userns_mode": "",
            "volumes": [],
            "wait": false,
            "wait_timeout": 60,
            "working_dir": "/app"
          },
          "sensitive_attributes": [],
          "identity_schema_version": 0,
          "private": "eyJzY2hlbWFfdmVyc2lvbiI6IjIifQ==",
          "dependencies": [
            "docker_network.app_net",
            "module.kafka.data.docker_network.net",
            "module.kafka.docker_container.redpanda",
            "module.kafka.docker_image.console",
            "module.kafka.docker_image.redpanda",
            "module.kafka.docker_volume.redpanda_data"
          ]
        }
      ]
    },
    {
      "module": "module.kafka",
      "mode": "managed",
      "type": "docker_image",
      "name": "console",
      "provider": "provider[\"registry.terraform.io/kreuzwerker/docker\"]",
      "instances": [
        {
          "schema_version": 0,
          "attributes": {
            "build": [],
            "force_remove": null,
            "id": "sha256:17e126aeaf528f5e6189b647d8968c83b2de745fc31e62f48b8df88bf6e1be7edocker.redpanda.com/redpandadata/console:latest",
            "image_id": "sha256:17e126aeaf528f5e6189b647d8968c83b2de745fc31e62f48b8df88bf6e1be7e",
            "keep_locally": true,
            "name": "docker.redpanda.com/redpandadata/console:latest",
            "platform": null,
            "pull_triggers": null,
            "repo_digest": "docker.redpanda.com/redpandadata/console@sha256:ed124e2587f49441fac79f4203f321ab2cd7d8af090342fdba82feb9c9c26e4f",
            "timeouts": null,
            "triggers": null
          },
          "sensitive_attributes": [],
          "identity_schema_version": 0,
          "private": "eyJlMmJmYjczMC1lY2FhLTExZTYtOGY4OC0zNDM2M2JjN2M0YzAiOnsiY3JlYXRlIjoxMjAwMDAwMDAwMDAwLCJkZWxldGUiOjEyMDAwMDAwMDAwMDAsInVwZGF0ZSI6MTIwMDAwMDAwMDAwMH19",
          "dependencies": [
            "docker_network.app_net"
          ]
        }
      ]
    },
    {
      "module": "module.kafka",
      "mode": "managed",
      "type": "docker_image",
      "name": "redpanda",
      "provider": "provider[\"registry.terraform.io/kreuzwerker/docker\"]",
      "instances": [
        {
          "schema_version": 0,
          "attributes": {
            "build": [],
            "force_remove": null,
            "id": "sha256:1490f50004d3d4290df793c7af1466565948c7d212781f84654f9cdd006c9c01docker.redpanda.com/redpandadata/redpanda:latest",
            "image_id": "sha256:1490f50004d3d4290df793c7af1466565948c7d212781f84654f9cdd006c9c01",
            "keep_locally": true,
            "name": "docker.redpanda.com/redpandadata/redpanda:latest",
            "platform": null,
            "pull_triggers": null,
            "repo_digest": "docker.redpanda.com/redpandadata/redpanda@sha256:b6a5ac5e4cdef333116748f6c7ece70eee33266d08a1850a3a83c1b4393554b6",
            "timeouts": null,
            "triggers": null
          },
          "sensitive_attributes": [],
          "identity_schema_version": 0,
          "private": "eyJlMmJmYjczMC1lY2FhLTExZTYtOGY4OC0zNDM2M2JjN2M0YzAiOnsiY3JlYXRlIjoxMjAwMDAwMDAwMDAwLCJkZWxldGUiOjEyMDAwMDAwMDAwMDAsInVwZGF0ZSI6MTIwMDAwMDAwMDAwMH19",
          "dependencies": [
            "docker_network.app_net"
          ]
        }
      ]
    },
    {
      "module": "module.kafka",
      "mode": "managed",
      "type": "docker_volume",
      "name": "redpanda_data",
      "provider": "provider[\"registry.terraform.io/kreuzwerker/docker\"]",
      "instances": [
        {
          "schema_version": 1,
          "attributes": {
            "driver": "local",
            "driver_opts": {},
            "id": "redpanda_data",
            "labels": [],
            "mountpoint": "/var/lib/docker/volumes/redpanda_data/_data",
            "name": "redpanda_data"
          },
          "sensitive_attributes": [],
          "identity_schema_version": 0,
          "private": "eyJzY2hlbWFfdmVyc2lvbiI6IjEifQ==",
          "dependencies": [
            "docker_network.app_net"
          ]
        }
      ]
    },
    {
      "module": "module.spark_cluster",
      "mode": "managed",
      "type": "docker_container",
      "name": "jupyter",
      "provider": "provider[\"registry.terraform.io/kreuzwerker/docker\"]",
      "instances": [
        {
          "schema_version": 2,
          "attributes": {
            "attach": false,
            "bridge": "",
            "capabilities": [],
            "cgroup_parent": null,
            "cgroupns_mode": null,
            "command": [
              "start-notebook.sh"
            ],
            "container_logs": null,
            "container_read_refresh_timeout_milliseconds": 15000,
            "cpu_period": null,
            "cpu_quota": null,
            "cpu_set": "",
            "cpu_shares": 0,
            "cpus": null,
            "destroy_grace_seconds": null,
            "devices": [],
            "dns": [],
            "dns_opts": [],
            "dns_search": [],
            "domainname": "",
            "entrypoint": [
              "tini",
              "-g",
              "--"
            ],
            "env": [
              "JUPYTER_TOKEN=dev",
              "PYSPARK_SUBMIT_ARGS=--conf spark.eventLog.enabled=true --conf spark.eventLog.dir=file:/opt/bitnami/spark/tmp/spark-events pyspark-shell",
              "SPARK_MASTER=spark://spark-master:7077"
            ],
            "exit_code": null,
            "gpus": null,
            "group_add": [],
            "healthcheck": [
              {
                "interval": "5s",
                "retries": 3,
                "start_interval": "0s",
                "start_period": "5s",
                "test": [
                  "CMD-SHELL",
                  "/etc/jupyter/docker_healthcheck.py || exit 1"
                ],
                "timeout": "3s"
              }
            ],
            "host": [],
            "hostname": "977a0e4cc4e2",
            "id": "977a0e4cc4e2a0db1d4b9c76fbe3429028cf64d5aa6af81054c3736f65679e13",
            "image": "sha256:f9812cafba5debd1dca856ea5677e476b2dac2351edc3bda39eac5965aab2c55",
            "init": false,
            "ipc_mode": "private",
            "labels": [],
            "log_driver": "json-file",
            "log_opts": {},
            "logs": false,
            "max_retry_count": 0,
            "memory": 0,
            "memory_swap": 0,
            "mounts": [
              {
                "bind_options": [],
                "read_only": false,
                "source": "jupyter_home",
                "target": "/home/jovyan/.jupyter",
                "tmpfs_options": [],
                "type": "volume",
                "volume_options": []
              },
              {
                "bind_options": [],
                "read_only": false,
                "source": "spark_apps",
                "target": "/home/jovyan/work",
                "tmpfs_options": [],
                "type": "volume",
                "volume_options": []
              },
              {
                "bind_options": [],
                "read_only": false,
                "source": "spark_events",
                "target": "/event-logs",
                "tmpfs_options": [],
                "type": "volume",
                "volume_options": []
              },
              {
                "bind_options": [],
                "read_only": false,
                "source": "spark_events",
                "target": "/opt/bitnami/spark/tmp/spark-events",
                "tmpfs_options": [],
                "type": "volume",
                "volume_options": []
              }
            ],
            "must_run": true,
            "name": "jupyterlab",
            "network_data": [
              {
                "gateway": "172.18.0.1",
                "global_ipv6_address": "",
                "global_ipv6_prefix_length": 0,
                "ip_address": "172.18.0.12",
                "ip_prefix_length": 16,
                "ipv6_gateway": "",
                "mac_address": "0e:3c:ff:28:37:77",
                "network_name": "app_net"
              }
            ],
            "network_mode": "bridge",
            "networks_advanced": [
              {
                "aliases": [],
                "ipv4_address": "",
                "ipv6_address": "",
                "name": "app_net"
              }
            ],
            "pid_mode": "",
            "ports": [
              {
                "external": 8889,
                "internal": 8888,
                "ip": "0.0.0.0",
                "protocol": "tcp"
              }
            ],
            "privileged": false,
            "publish_all_ports": false,
            "read_only": false,
            "remove_volumes": true,
            "restart": "no",
            "rm": false,
            "runtime": "runc",
            "security_opts": [],
            "shm_size": 64,
            "start": true,
            "stdin_open": false,
            "stop_signal": "",
            "stop_timeout": 0,
            "storage_opts": {},
            "sysctls": {},
            "tmpfs": {},
            "tty": false,
            "ulimit": [],
            "upload": [],
            "user": "1000",
            "userns_mode": "",
            "volumes": [],
            "wait": false,
            "wait_timeout": 60,
            "working_dir": "/home/jovyan"
          },
          "sensitive_attributes": [],
          "identity_schema_version": 0,
          "private": "eyJzY2hlbWFfdmVyc2lvbiI6IjIifQ==",
          "dependencies": [
            "docker_network.app_net",
            "module.spark_cluster.docker_container.spark_master",
            "module.spark_cluster.docker_image.jupyter",
            "module.spark_cluster.docker_image.spark",
            "module.spark_cluster.docker_volume.jupyter_home",
            "module.spark_cluster.docker_volume.spark_apps",
            "module.spark_cluster.docker_volume.spark_events"
          ]
        }
      ]
    },
    {
      "module": "module.spark_cluster",
      "mode": "managed",
      "type": "docker_container",
      "name": "spark_history",
      "provider": "provider[\"registry.terraform.io/kreuzwerker/docker\"]",
      "instances": [
        {
          "schema_version": 2,
          "attributes": {
            "attach": false,
            "bridge": "",
            "capabilities": [],
            "cgroup_parent": null,
            "cgroupns_mode": null,
            "command": [
              "/opt/bitnami/spark/bin/spark-class",
              "org.apache.spark.deploy.history.HistoryServer"
            ],
            "container_logs": null,
            "container_read_refresh_timeout_milliseconds": 15000,
            "cpu_period": null,
            "cpu_quota": null,
            "cpu_set": "",
            "cpu_shares": 0,
            "cpus": null,
            "destroy_grace_seconds": null,
            "devices": [],
            "dns": null,
            "dns_opts": null,
            "dns_search": null,
            "domainname": "",
            "entrypoint": [
              "/bin/bash",
              "-lc"
            ],
            "env": [
              "SPARK_HISTORY_OPTS=-Dspark.history.fs.logDirectory=file:/opt/bitnami/spark/tmp/spark-events -Dspark.history.ui.port=18080"
            ],
            "exit_code": null,
            "gpus": null,
            "group_add": null,
            "healthcheck": [
              {
                "interval": "10s",
                "retries": 10,
                "start_interval": "0s",
                "start_period": "10s",
                "test": [
                  "CMD-SHELL",
                  "bash -lc 'exec 3\u003c\u003e/dev/tcp/127.0.0.1/18080'"
                ],
                "timeout": "3s"
              }
            ],
            "host": [],
            "hostname": "29aabdbfee4b",
            "id": "29aabdbfee4bec0eb9ab19a0a701fdd7a67b8d833ee1b0560eba6b21f3ba0be1",
            "image": "sha256:cfeb68eac04534a6f9bf437dabd68fcf904fc3a060e593d091908a55e371c187",
            "init": false,
            "ipc_mode": "private",
            "labels": [],
            "log_driver": "json-file",
            "log_opts": null,
            "logs": false,
            "max_retry_count": 0,
            "memory": 0,
            "memory_swap": 0,
            "mounts": [
              {
                "bind_options": [],
                "read_only": null,
                "source": "spark_events",
                "target": "/event-logs",
                "tmpfs_options": [],
                "type": "volume",
                "volume_options": []
              },
              {
                "bind_options": [],
                "read_only": null,
                "source": "spark_events",
                "target": "/opt/bitnami/spark/tmp/spark-events",
                "tmpfs_options": [],
                "type": "volume",
                "volume_options": []
              }
            ],
            "must_run": true,
            "name": "spark-history",
            "network_data": [
              {
                "gateway": "172.18.0.1",
                "global_ipv6_address": "",
                "global_ipv6_prefix_length": 0,
                "ip_address": "172.18.0.14",
                "ip_prefix_length": 16,
                "ipv6_gateway": "",
                "mac_address": "86:89:7c:c0:75:62",
                "network_name": "app_net"
              }
            ],
            "network_mode": "bridge",
            "networks_advanced": [
              {
                "aliases": [],
                "ipv4_address": "",
                "ipv6_address": "",
                "name": "app_net"
              }
            ],
            "pid_mode": "",
            "ports": [
              {
                "external": 18080,
                "internal": 18080,
                "ip": "0.0.0.0",
                "protocol": "tcp"
              }
            ],
            "privileged": false,
            "publish_all_ports": false,
            "read_only": false,
            "remove_volumes": true,
            "restart": "unless-stopped",
            "rm": false,
            "runtime": "runc",
            "security_opts": [],
            "shm_size": 64,
            "start": true,
            "stdin_open": false,
            "stop_signal": "",
            "stop_timeout": 0,
            "storage_opts": null,
            "sysctls": null,
            "tmpfs": null,
            "tty": false,
            "ulimit": [],
            "upload": [],
            "user": "1001",
            "userns_mode": "",
            "volumes": [],
            "wait": false,
            "wait_timeout": 60,
            "working_dir": "/opt/bitnami/spark"
          },
          "sensitive_attributes": [],
          "identity_schema_version": 0,
          "private": "eyJzY2hlbWFfdmVyc2lvbiI6IjIifQ==",
          "dependencies": [
            "docker_network.app_net",
            "module.spark_cluster.docker_container.spark_master",
            "module.spark_cluster.docker_container.spark_worker",
            "module.spark_cluster.docker_image.spark",
            "module.spark_cluster.docker_volume.spark_events"
          ]
        }
      ]
    },
    {
      "module": "module.spark_cluster",
      "mode": "managed",
      "type": "docker_container",
      "name": "spark_master",
      "provider": "provider[\"registry.terraform.io/kreuzwerker/docker\"]",
      "instances": [
        {
          "schema_version": 2,
          "attributes": {
            "attach": false,
            "bridge": "",
            "capabilities": [],
            "cgroup_parent": null,
            "cgroupns_mode": null,
            "command": [
              "/opt/bitnami/scripts/spark/run.sh"
            ],
            "container_logs": null,
            "container_read_refresh_timeout_milliseconds": 15000,
            "cpu_period": null,
            "cpu_quota": null,
            "cpu_set": "",
            "cpu_shares": 0,
            "cpus": null,
            "destroy_grace_seconds": null,
            "devices": [],
            "dns": [],
            "dns_opts": [],
            "dns_search": [],
            "domainname": "",
            "entrypoint": [
              "/opt/bitnami/scripts/spark/entrypoint.sh"
            ],
            "env": [
              "SPARK_LOG_LEVEL=INFO",
              "SPARK_MASTER_HOST=spark-master",
              "SPARK_MODE=master"
            ],
            "exit_code": null,
            "gpus": null,
            "group_add": [],
            "healthcheck": [],
            "host": [],
            "hostname": "e20ff0fe9b62",
            "id": "e20ff0fe9b6212ef9ef17a623862764061f2e112463674f8e5850188ba7eae8d",
            "image": "sha256:cfeb68eac04534a6f9bf437dabd68fcf904fc3a060e593d091908a55e371c187",
            "init": false,
            "ipc_mode": "private",
            "labels": [],
            "log_driver": "json-file",
            "log_opts": {},
            "logs": false,
            "max_retry_count": 0,
            "memory": 0,
            "memory_swap": 0,
            "mounts": [
              {
                "bind_options": [],
                "read_only": false,
                "source": "spark_events",
                "target": "/opt/bitnami/spark/tmp/spark-events",
                "tmpfs_options": [],
                "type": "volume",
                "volume_options": []
              }
            ],
            "must_run": true,
            "name": "spark-master",
            "network_data": [
              {
                "gateway": "172.18.0.1",
                "global_ipv6_address": "",
                "global_ipv6_prefix_length": 0,
                "ip_address": "172.18.0.4",
                "ip_prefix_length": 16,
                "ipv6_gateway": "",
                "mac_address": "36:d7:bc:2f:23:11",
                "network_name": "app_net"
              }
            ],
            "network_mode": "bridge",
            "networks_advanced": [
              {
                "aliases": [],
                "ipv4_address": "",
                "ipv6_address": "",
                "name": "app_net"
              }
            ],
            "pid_mode": "",
            "ports": [
              {
                "external": 7077,
                "internal": 7077,
                "ip": "0.0.0.0",
                "protocol": "tcp"
              },
              {
                "external": 9090,
                "internal": 8080,
                "ip": "0.0.0.0",
                "protocol": "tcp"
              }
            ],
            "privileged": false,
            "publish_all_ports": false,
            "read_only": false,
            "remove_volumes": true,
            "restart": "no",
            "rm": false,
            "runtime": "runc",
            "security_opts": [],
            "shm_size": 64,
            "start": true,
            "stdin_open": false,
            "stop_signal": "",
            "stop_timeout": 0,
            "storage_opts": {},
            "sysctls": {},
            "tmpfs": {},
            "tty": false,
            "ulimit": [],
            "upload": [],
            "user": "1001",
            "userns_mode": "",
            "volumes": [],
            "wait": false,
            "wait_timeout": 60,
            "working_dir": "/opt/bitnami/spark"
          },
          "sensitive_attributes": [],
          "identity_schema_version": 0,
          "private": "eyJzY2hlbWFfdmVyc2lvbiI6IjIifQ==",
          "dependencies": [
            "docker_network.app_net",
            "module.spark_cluster.docker_image.spark",
            "module.spark_cluster.docker_volume.spark_events"
          ]
        }
      ]
    },
    {
      "module": "module.spark_cluster",
      "mode": "managed",
      "type": "docker_container",
      "name": "spark_worker",
      "provider": "provider[\"registry.terraform.io/kreuzwerker/docker\"]",
      "instances": [
        {
          "index_key": 0,
          "schema_version": 2,
          "attributes": {
            "attach": false,
            "bridge": "",
            "capabilities": [],
            "cgroup_parent": null,
            "cgroupns_mode": null,
            "command": [
              "/opt/bitnami/scripts/spark/run.sh"
            ],
            "container_logs": null,
            "container_read_refresh_timeout_milliseconds": 15000,
            "cpu_period": null,
            "cpu_quota": null,
            "cpu_set": "",
            "cpu_shares": 0,
            "cpus": null,
            "destroy_grace_seconds": null,
            "devices": [],
            "dns": [],
            "dns_opts": [],
            "dns_search": [],
            "domainname": "",
            "entrypoint": [
              "/opt/bitnami/scripts/spark/entrypoint.sh"
            ],
            "env": [
              "SPARK_LOG_LEVEL=INFO",
              "SPARK_MASTER_URL=spark://spark-master:7077",
              "SPARK_MODE=worker",
              "SPARK_WORKER_CORES=2",
              "SPARK_WORKER_MEMORY=2g"
            ],
            "exit_code": null,
            "gpus": null,
            "group_add": [],
            "healthcheck": [],
            "host": [],
            "hostname": "7fa0bdacecec",
            "id": "7fa0bdacecec32bf05b2c7880b7c3fd1ee15fe7962e5bf11446132b2bab875bb",
            "image": "sha256:cfeb68eac04534a6f9bf437dabd68fcf904fc3a060e593d091908a55e371c187",
            "init": false,
            "ipc_mode": "private",
            "labels": [],
            "log_driver": "json-file",
            "log_opts": {},
            "logs": false,
            "max_retry_count": 0,
            "memory": 0,
            "memory_swap": 0,
            "mounts": [],
            "must_run": true,
            "name": "spark-worker-01",
            "network_data": [
              {
                "gateway": "172.18.0.1",
                "global_ipv6_address": "",
                "global_ipv6_prefix_length": 0,
                "ip_address": "172.18.0.13",
                "ip_prefix_length": 16,
                "ipv6_gateway": "",
                "mac_address": "96:fd:3f:d3:2d:62",
                "network_name": "app_net"
              }
            ],
            "network_mode": "bridge",
            "networks_advanced": [
              {
                "aliases": [],
                "ipv4_address": "",
                "ipv6_address": "",
                "name": "app_net"
              }
            ],
            "pid_mode": "",
            "ports": [
              {
                "external": 9091,
                "internal": 8081,
                "ip": "0.0.0.0",
                "protocol": "tcp"
              }
            ],
            "privileged": false,
            "publish_all_ports": false,
            "read_only": false,
            "remove_volumes": true,
            "restart": "no",
            "rm": false,
            "runtime": "runc",
            "security_opts": [],
            "shm_size": 64,
            "start": true,
            "stdin_open": false,
            "stop_signal": "",
            "stop_timeout": 0,
            "storage_opts": {},
            "sysctls": {},
            "tmpfs": {},
            "tty": false,
            "ulimit": [],
            "upload": [],
            "user": "1001",
            "userns_mode": "",
            "volumes": [],
            "wait": false,
            "wait_timeout": 60,
            "working_dir": "/opt/bitnami/spark"
          },
          "sensitive_attributes": [],
          "identity_schema_version": 0,
          "private": "eyJzY2hlbWFfdmVyc2lvbiI6IjIifQ==",
          "dependencies": [
            "docker_network.app_net",
            "module.spark_cluster.docker_container.spark_master",
            "module.spark_cluster.docker_image.spark",
            "module.spark_cluster.docker_volume.spark_events"
          ]
        }
      ]
    },
    {
      "module": "module.spark_cluster",
      "mode": "managed",
      "type": "docker_image",
      "name": "jupyter",
      "provider": "provider[\"registry.terraform.io/kreuzwerker/docker\"]",
      "instances": [
        {
          "schema_version": 0,
          "attributes": {
            "build": [],
            "force_remove": null,
            "id": "sha256:f9812cafba5debd1dca856ea5677e476b2dac2351edc3bda39eac5965aab2c55jupyter/pyspark-notebook:python-3.11",
            "image_id": "sha256:f9812cafba5debd1dca856ea5677e476b2dac2351edc3bda39eac5965aab2c55",
            "keep_locally": null,
            "name": "jupyter/pyspark-notebook:python-3.11",
            "platform": null,
            "pull_triggers": null,
            "repo_digest": "jupyter/pyspark-notebook@sha256:58377aaa152b741e244f201679f96d909a024ea337088cc276b0ee32ab3f076f",
            "timeouts": null,
            "triggers": null
          },
          "sensitive_attributes": [],
          "identity_schema_version": 0,
          "private": "eyJlMmJmYjczMC1lY2FhLTExZTYtOGY4OC0zNDM2M2JjN2M0YzAiOnsiY3JlYXRlIjoxMjAwMDAwMDAwMDAwLCJkZWxldGUiOjEyMDAwMDAwMDAwMDAsInVwZGF0ZSI6MTIwMDAwMDAwMDAwMH19"
        }
      ]
    },
    {
      "module": "module.spark_cluster",
      "mode": "managed",
      "type": "docker_image",
      "name": "spark",
      "provider": "provider[\"registry.terraform.io/kreuzwerker/docker\"]",
      "instances": [
        {
          "schema_version": 0,
          "attributes": {
            "build": [],
            "force_remove": null,
            "id": "sha256:cfeb68eac04534a6f9bf437dabd68fcf904fc3a060e593d091908a55e371c187bitnami/spark:3.5.1-debian-12-r8",
            "image_id": "sha256:cfeb68eac04534a6f9bf437dabd68fcf904fc3a060e593d091908a55e371c187",
            "keep_locally": null,
            "name": "bitnami/spark:3.5.1-debian-12-r8",
            "platform": null,
            "pull_triggers": null,
            "repo_digest": "bitnami/spark@sha256:5011c72e0f6e09d899715d431b9d8c457a8c456bc197eb5aad53d20ff0dff785",
            "timeouts": null,
            "triggers": null
          },
          "sensitive_attributes": [],
          "identity_schema_version": 0,
          "private": "eyJlMmJmYjczMC1lY2FhLTExZTYtOGY4OC0zNDM2M2JjN2M0YzAiOnsiY3JlYXRlIjoxMjAwMDAwMDAwMDAwLCJkZWxldGUiOjEyMDAwMDAwMDAwMDAsInVwZGF0ZSI6MTIwMDAwMDAwMDAwMH19"
        }
      ]
    },
    {
      "module": "module.spark_cluster",
      "mode": "managed",
      "type": "docker_volume",
      "name": "jupyter_home",
      "provider": "provider[\"registry.terraform.io/kreuzwerker/docker\"]",
      "instances": [
        {
          "schema_version": 1,
          "attributes": {
            "driver": "local",
            "driver_opts": {},
            "id": "jupyter_home",
            "labels": [],
            "mountpoint": "/var/lib/docker/volumes/jupyter_home/_data",
            "name": "jupyter_home"
          },
          "sensitive_attributes": [],
          "identity_schema_version": 0,
          "private": "eyJzY2hlbWFfdmVyc2lvbiI6IjEifQ=="
        }
      ]
    },
    {
      "module": "module.spark_cluster",
      "mode": "managed",
      "type": "docker_volume",
      "name": "minio_data",
      "provider": "provider[\"registry.terraform.io/kreuzwerker/docker\"]",
      "instances": [
        {
          "schema_version": 1,
          "attributes": {
            "driver": "local",
            "driver_opts": {},
            "id": "minio_data",
            "labels": [],
            "mountpoint": "/var/lib/docker/volumes/minio_data/_data",
            "name": "minio_data"
          },
          "sensitive_attributes": [],
          "identity_schema_version": 0,
          "private": "eyJzY2hlbWFfdmVyc2lvbiI6IjEifQ=="
        }
      ]
    },
    {
      "module": "module.spark_cluster",
      "mode": "managed",
      "type": "docker_volume",
      "name": "spark_apps",
      "provider": "provider[\"registry.terraform.io/kreuzwerker/docker\"]",
      "instances": [
        {
          "schema_version": 1,
          "attributes": {
            "driver": "local",
            "driver_opts": {},
            "id": "spark_apps",
            "labels": [],
            "mountpoint": "/var/lib/docker/volumes/spark_apps/_data",
            "name": "spark_apps"
          },
          "sensitive_attributes": [],
          "identity_schema_version": 0,
          "private": "eyJzY2hlbWFfdmVyc2lvbiI6IjEifQ=="
        }
      ]
    },
    {
      "module": "module.spark_cluster",
      "mode": "managed",
      "type": "docker_volume",
      "name": "spark_events",
      "provider": "provider[\"registry.terraform.io/kreuzwerker/docker\"]",
      "instances": [
        {
          "schema_version": 1,
          "attributes": {
            "driver": "local",
            "driver_opts": {},
            "id": "spark_events",
            "labels": [],
            "mountpoint": "/var/lib/docker/volumes/spark_events/_data",
            "name": "spark_events"
          },
          "sensitive_attributes": [],
          "identity_schema_version": 0,
          "private": "eyJzY2hlbWFfdmVyc2lvbiI6IjEifQ=="
        }
      ]
    }
  ],
  "check_results": null
}
