{
  "version": 4,
  "terraform_version": "1.13.2",
  "serial": 373,
  "lineage": "2a75f4a7-0fe5-c789-21a0-55b48d2663cb",
  "outputs": {
    "app_url": {
      "value": "http://localhost/",
      "type": "string"
    },
    "dest_ui": {
      "value": "http://localhost/dest/",
      "type": "string"
    },
    "dst_psql": {
      "value": "psql -h localhost -p 5434 -U dst_user dst_db",
      "type": "string"
    },
    "pgadmin_ui": {
      "value": "http://localhost/pg/",
      "type": "string"
    },
    "src_psql": {
      "value": "psql -h localhost -p 5433 -U src_user src_db",
      "type": "string"
    },
    "src_ui": {
      "value": "http://localhost/src/",
      "type": "string"
    }
  },
  "resources": [
    {
      "mode": "data",
      "type": "docker_registry_image",
      "name": "nginx",
      "provider": "provider[\"registry.terraform.io/kreuzwerker/docker\"]",
      "instances": [
        {
          "schema_version": 0,
          "attributes": {
            "id": "sha256:42a516af16b852e33b7682d5ef8acbd5d13fe08fecadc7ed98605ba5e3b26ab8",
            "insecure_skip_verify": false,
            "name": "nginx:alpine",
            "sha256_digest": "sha256:42a516af16b852e33b7682d5ef8acbd5d13fe08fecadc7ed98605ba5e3b26ab8"
          },
          "sensitive_attributes": [],
          "identity_schema_version": 0
        }
      ]
    },
    {
      "mode": "data",
      "type": "docker_registry_image",
      "name": "postgres",
      "provider": "provider[\"registry.terraform.io/kreuzwerker/docker\"]",
      "instances": [
        {
          "schema_version": 0,
          "attributes": {
            "id": "sha256:b477759d38be47671d54a054d832791f8ddb9f0eaf6faf51ed17516087793a66",
            "insecure_skip_verify": false,
            "name": "postgres:16",
            "sha256_digest": "sha256:b477759d38be47671d54a054d832791f8ddb9f0eaf6faf51ed17516087793a66"
          },
          "sensitive_attributes": [],
          "identity_schema_version": 0
        }
      ]
    },
    {
      "mode": "managed",
      "type": "docker_container",
      "name": "dst_db",
      "provider": "provider[\"registry.terraform.io/kreuzwerker/docker\"]",
      "instances": [
        {
          "schema_version": 2,
          "attributes": {
            "attach": false,
            "bridge": "",
            "capabilities": [],
            "cgroup_parent": null,
            "cgroupns_mode": null,
            "command": [
              "postgres"
            ],
            "container_logs": null,
            "container_read_refresh_timeout_milliseconds": 15000,
            "cpu_period": null,
            "cpu_quota": null,
            "cpu_set": "",
            "cpu_shares": 0,
            "cpus": null,
            "destroy_grace_seconds": null,
            "devices": [],
            "dns": [],
            "dns_opts": [],
            "dns_search": [],
            "domainname": "",
            "entrypoint": [
              "docker-entrypoint.sh"
            ],
            "env": [
              "POSTGRES_DB=dst_db",
              "POSTGRES_PASSWORD=dst_pass",
              "POSTGRES_USER=dst_user"
            ],
            "exit_code": null,
            "gpus": null,
            "group_add": [],
            "healthcheck": [],
            "host": [],
            "hostname": "8f3bb968f486",
            "id": "8f3bb968f486fad2cff11d82610a3240798eedb12cec360582dbbec3438994c0",
            "image": "sha256:168a71fae92e8581e8f6565282cc28252471518f1a898d754c28e45ac00cfcd5",
            "init": false,
            "ipc_mode": "private",
            "labels": [],
            "log_driver": "json-file",
            "log_opts": {},
            "logs": false,
            "max_retry_count": 0,
            "memory": 0,
            "memory_swap": 0,
            "mounts": [
              {
                "bind_options": [],
                "read_only": false,
                "source": "dst_db_data",
                "target": "/var/lib/postgresql/data",
                "tmpfs_options": [],
                "type": "volume",
                "volume_options": []
              },
              {
                "bind_options": [],
                "read_only": true,
                "source": "/home/coled/Documents/Code/snowflake-terraform-demo/infra/docker/db-init",
                "target": "/docker-entrypoint-initdb.d",
                "tmpfs_options": [],
                "type": "bind",
                "volume_options": []
              }
            ],
            "must_run": true,
            "name": "dst_db",
            "network_data": [
              {
                "gateway": "172.18.0.1",
                "global_ipv6_address": "",
                "global_ipv6_prefix_length": 0,
                "ip_address": "172.18.0.3",
                "ip_prefix_length": 16,
                "ipv6_gateway": "",
                "mac_address": "f2:e7:71:67:1e:3c",
                "network_name": "app_net"
              }
            ],
            "network_mode": "bridge",
            "networks_advanced": [
              {
                "aliases": [],
                "ipv4_address": "",
                "ipv6_address": "",
                "name": "app_net"
              }
            ],
            "pid_mode": "",
            "ports": [
              {
                "external": 5434,
                "internal": 5432,
                "ip": "0.0.0.0",
                "protocol": "tcp"
              }
            ],
            "privileged": false,
            "publish_all_ports": false,
            "read_only": false,
            "remove_volumes": true,
            "restart": "always",
            "rm": false,
            "runtime": "runc",
            "security_opts": [],
            "shm_size": 64,
            "start": true,
            "stdin_open": false,
            "stop_signal": "SIGINT",
            "stop_timeout": 0,
            "storage_opts": {},
            "sysctls": {},
            "tmpfs": {},
            "tty": false,
            "ulimit": [],
            "upload": [],
            "user": "",
            "userns_mode": "",
            "volumes": [],
            "wait": false,
            "wait_timeout": 60,
            "working_dir": ""
          },
          "sensitive_attributes": [],
          "identity_schema_version": 0,
          "private": "eyJzY2hlbWFfdmVyc2lvbiI6IjIifQ==",
          "dependencies": [
            "data.docker_registry_image.postgres",
            "docker_image.postgres",
            "docker_network.app_net",
            "docker_volume.dst_db_data"
          ]
        }
      ]
    },
    {
      "mode": "managed",
      "type": "docker_container",
      "name": "pgadmin",
      "provider": "provider[\"registry.terraform.io/kreuzwerker/docker\"]",
      "instances": [
        {
          "schema_version": 2,
          "attributes": {
            "attach": false,
            "bridge": "",
            "capabilities": [],
            "cgroup_parent": null,
            "cgroupns_mode": null,
            "command": [],
            "container_logs": null,
            "container_read_refresh_timeout_milliseconds": 15000,
            "cpu_period": null,
            "cpu_quota": null,
            "cpu_set": "",
            "cpu_shares": 0,
            "cpus": null,
            "destroy_grace_seconds": null,
            "devices": [],
            "dns": [],
            "dns_opts": [],
            "dns_search": [],
            "domainname": "",
            "entrypoint": [
              "/entrypoint.sh"
            ],
            "env": [
              "PGADMIN_DEFAULT_EMAIL=admin@example.com",
              "PGADMIN_DEFAULT_PASSWORD=admin"
            ],
            "exit_code": null,
            "gpus": null,
            "group_add": [],
            "healthcheck": [],
            "host": [],
            "hostname": "1a0b30f80963",
            "id": "1a0b30f80963af2a7bbe682a2852bf35f7f63226f6d78806ae9cb02893b615f4",
            "image": "dpage/pgadmin4:8",
            "init": false,
            "ipc_mode": "private",
            "labels": [],
            "log_driver": "json-file",
            "log_opts": {},
            "logs": false,
            "max_retry_count": 0,
            "memory": 0,
            "memory_swap": 0,
            "mounts": [],
            "must_run": true,
            "name": "pgadmin",
            "network_data": [
              {
                "gateway": "172.18.0.1",
                "global_ipv6_address": "",
                "global_ipv6_prefix_length": 0,
                "ip_address": "172.18.0.4",
                "ip_prefix_length": 16,
                "ipv6_gateway": "",
                "mac_address": "ea:f5:a1:33:38:de",
                "network_name": "app_net"
              }
            ],
            "network_mode": "bridge",
            "networks_advanced": [
              {
                "aliases": [],
                "ipv4_address": "",
                "ipv6_address": "",
                "name": "app_net"
              }
            ],
            "pid_mode": "",
            "ports": [
              {
                "external": 8080,
                "internal": 80,
                "ip": "0.0.0.0",
                "protocol": "tcp"
              }
            ],
            "privileged": false,
            "publish_all_ports": false,
            "read_only": false,
            "remove_volumes": true,
            "restart": "always",
            "rm": false,
            "runtime": "runc",
            "security_opts": [],
            "shm_size": 64,
            "start": true,
            "stdin_open": false,
            "stop_signal": "",
            "stop_timeout": 0,
            "storage_opts": {},
            "sysctls": {},
            "tmpfs": {},
            "tty": false,
            "ulimit": [],
            "upload": [],
            "user": "pgadmin",
            "userns_mode": "",
            "volumes": [],
            "wait": false,
            "wait_timeout": 60,
            "working_dir": "/pgadmin4"
          },
          "sensitive_attributes": [],
          "identity_schema_version": 0,
          "private": "eyJzY2hlbWFfdmVyc2lvbiI6IjIifQ==",
          "dependencies": [
            "docker_network.app_net"
          ]
        }
      ]
    },
    {
      "mode": "managed",
      "type": "docker_container",
      "name": "pgweb_dst",
      "provider": "provider[\"registry.terraform.io/kreuzwerker/docker\"]",
      "instances": [
        {
          "schema_version": 2,
          "attributes": {
            "attach": false,
            "bridge": "",
            "capabilities": [],
            "cgroup_parent": null,
            "cgroupns_mode": null,
            "command": [
              "--bind=0.0.0.0",
              "--listen=8081",
              "--url=postgres://dst_user:dst_pass@dst_db:5432/dst_db?sslmode=disable"
            ],
            "container_logs": null,
            "container_read_refresh_timeout_milliseconds": 15000,
            "cpu_period": null,
            "cpu_quota": null,
            "cpu_set": "",
            "cpu_shares": 0,
            "cpus": null,
            "destroy_grace_seconds": null,
            "devices": [],
            "dns": [],
            "dns_opts": [],
            "dns_search": [],
            "domainname": "",
            "entrypoint": [
              "/usr/bin/pgweb",
              "--bind=0.0.0.0",
              "--listen=8081"
            ],
            "env": [],
            "exit_code": null,
            "gpus": null,
            "group_add": [],
            "healthcheck": [],
            "host": [],
            "hostname": "8f3e1b32e47d",
            "id": "8f3e1b32e47dfabd8c539b6b2ccf4c753ec4cc275367032df4f6a6ccbb40b2da",
            "image": "sosedoff/pgweb:latest",
            "init": false,
            "ipc_mode": "private",
            "labels": [],
            "log_driver": "json-file",
            "log_opts": {},
            "logs": false,
            "max_retry_count": 0,
            "memory": 0,
            "memory_swap": 0,
            "mounts": [],
            "must_run": true,
            "name": "pgweb_dst",
            "network_data": [
              {
                "gateway": "172.18.0.1",
                "global_ipv6_address": "",
                "global_ipv6_prefix_length": 0,
                "ip_address": "172.18.0.8",
                "ip_prefix_length": 16,
                "ipv6_gateway": "",
                "mac_address": "4a:48:54:6c:34:20",
                "network_name": "app_net"
              }
            ],
            "network_mode": "bridge",
            "networks_advanced": [
              {
                "aliases": [],
                "ipv4_address": "",
                "ipv6_address": "",
                "name": "app_net"
              }
            ],
            "pid_mode": "",
            "ports": [
              {
                "external": 8082,
                "internal": 8081,
                "ip": "0.0.0.0",
                "protocol": "tcp"
              }
            ],
            "privileged": false,
            "publish_all_ports": false,
            "read_only": false,
            "remove_volumes": true,
            "restart": "always",
            "rm": false,
            "runtime": "runc",
            "security_opts": [],
            "shm_size": 64,
            "start": true,
            "stdin_open": false,
            "stop_signal": "",
            "stop_timeout": 0,
            "storage_opts": {},
            "sysctls": {},
            "tmpfs": {},
            "tty": false,
            "ulimit": [],
            "upload": [],
            "user": "pgweb",
            "userns_mode": "",
            "volumes": [],
            "wait": false,
            "wait_timeout": 60,
            "working_dir": ""
          },
          "sensitive_attributes": [],
          "identity_schema_version": 0,
          "private": "eyJzY2hlbWFfdmVyc2lvbiI6IjIifQ==",
          "dependencies": [
            "docker_network.app_net"
          ]
        }
      ]
    },
    {
      "mode": "managed",
      "type": "docker_container",
      "name": "pgweb_src",
      "provider": "provider[\"registry.terraform.io/kreuzwerker/docker\"]",
      "instances": [
        {
          "schema_version": 2,
          "attributes": {
            "attach": false,
            "bridge": "",
            "capabilities": [],
            "cgroup_parent": null,
            "cgroupns_mode": null,
            "command": [
              "--bind=0.0.0.0",
              "--listen=8081",
              "--url=postgres://src_user:src_pass@src_db:5432/src_db?sslmode=disable"
            ],
            "container_logs": null,
            "container_read_refresh_timeout_milliseconds": 15000,
            "cpu_period": null,
            "cpu_quota": null,
            "cpu_set": "",
            "cpu_shares": 0,
            "cpus": null,
            "destroy_grace_seconds": null,
            "devices": [],
            "dns": [],
            "dns_opts": [],
            "dns_search": [],
            "domainname": "",
            "entrypoint": [
              "/usr/bin/pgweb",
              "--bind=0.0.0.0",
              "--listen=8081"
            ],
            "env": [],
            "exit_code": null,
            "gpus": null,
            "group_add": [],
            "healthcheck": [],
            "host": [],
            "hostname": "28eaef0a5e48",
            "id": "28eaef0a5e48db2041cb3e9268638faccb5d4f2293819dbd93bf1cd5a0982ee6",
            "image": "sosedoff/pgweb:latest",
            "init": false,
            "ipc_mode": "private",
            "labels": [],
            "log_driver": "json-file",
            "log_opts": {},
            "logs": false,
            "max_retry_count": 0,
            "memory": 0,
            "memory_swap": 0,
            "mounts": [],
            "must_run": true,
            "name": "pgweb_src",
            "network_data": [
              {
                "gateway": "172.18.0.1",
                "global_ipv6_address": "",
                "global_ipv6_prefix_length": 0,
                "ip_address": "172.18.0.7",
                "ip_prefix_length": 16,
                "ipv6_gateway": "",
                "mac_address": "9e:03:53:0b:95:fd",
                "network_name": "app_net"
              }
            ],
            "network_mode": "bridge",
            "networks_advanced": [
              {
                "aliases": [],
                "ipv4_address": "",
                "ipv6_address": "",
                "name": "app_net"
              }
            ],
            "pid_mode": "",
            "ports": [
              {
                "external": 8081,
                "internal": 8081,
                "ip": "0.0.0.0",
                "protocol": "tcp"
              }
            ],
            "privileged": false,
            "publish_all_ports": false,
            "read_only": false,
            "remove_volumes": true,
            "restart": "always",
            "rm": false,
            "runtime": "runc",
            "security_opts": [],
            "shm_size": 64,
            "start": true,
            "stdin_open": false,
            "stop_signal": "",
            "stop_timeout": 0,
            "storage_opts": {},
            "sysctls": {},
            "tmpfs": {},
            "tty": false,
            "ulimit": [],
            "upload": [],
            "user": "pgweb",
            "userns_mode": "",
            "volumes": [],
            "wait": false,
            "wait_timeout": 60,
            "working_dir": ""
          },
          "sensitive_attributes": [],
          "identity_schema_version": 0,
          "private": "eyJzY2hlbWFfdmVyc2lvbiI6IjIifQ==",
          "dependencies": [
            "docker_network.app_net"
          ]
        }
      ]
    },
    {
      "mode": "managed",
      "type": "docker_container",
      "name": "src_db",
      "provider": "provider[\"registry.terraform.io/kreuzwerker/docker\"]",
      "instances": [
        {
          "schema_version": 2,
          "attributes": {
            "attach": false,
            "bridge": "",
            "capabilities": [],
            "cgroup_parent": null,
            "cgroupns_mode": null,
            "command": [
              "postgres"
            ],
            "container_logs": null,
            "container_read_refresh_timeout_milliseconds": 15000,
            "cpu_period": null,
            "cpu_quota": null,
            "cpu_set": "",
            "cpu_shares": 0,
            "cpus": null,
            "destroy_grace_seconds": null,
            "devices": [],
            "dns": [],
            "dns_opts": [],
            "dns_search": [],
            "domainname": "",
            "entrypoint": [
              "docker-entrypoint.sh"
            ],
            "env": [
              "POSTGRES_DB=src_db",
              "POSTGRES_PASSWORD=src_pass",
              "POSTGRES_USER=src_user"
            ],
            "exit_code": null,
            "gpus": null,
            "group_add": [],
            "healthcheck": [],
            "host": [],
            "hostname": "dc409a097b6b",
            "id": "dc409a097b6bb3e5cfe496cde678827fec824940944dd96837edc6a8f5db2e41",
            "image": "sha256:168a71fae92e8581e8f6565282cc28252471518f1a898d754c28e45ac00cfcd5",
            "init": false,
            "ipc_mode": "private",
            "labels": [],
            "log_driver": "json-file",
            "log_opts": {},
            "logs": false,
            "max_retry_count": 0,
            "memory": 0,
            "memory_swap": 0,
            "mounts": [
              {
                "bind_options": [],
                "read_only": false,
                "source": "src_db_data",
                "target": "/var/lib/postgresql/data",
                "tmpfs_options": [],
                "type": "volume",
                "volume_options": []
              },
              {
                "bind_options": [],
                "read_only": true,
                "source": "/home/coled/Documents/Code/snowflake-terraform-demo/infra/docker/db-init",
                "target": "/docker-entrypoint-initdb.d",
                "tmpfs_options": [],
                "type": "bind",
                "volume_options": []
              }
            ],
            "must_run": true,
            "name": "src_db",
            "network_data": [
              {
                "gateway": "172.18.0.1",
                "global_ipv6_address": "",
                "global_ipv6_prefix_length": 0,
                "ip_address": "172.18.0.2",
                "ip_prefix_length": 16,
                "ipv6_gateway": "",
                "mac_address": "46:dc:1c:ab:af:3c",
                "network_name": "app_net"
              }
            ],
            "network_mode": "bridge",
            "networks_advanced": [
              {
                "aliases": [],
                "ipv4_address": "",
                "ipv6_address": "",
                "name": "app_net"
              }
            ],
            "pid_mode": "",
            "ports": [
              {
                "external": 5433,
                "internal": 5432,
                "ip": "0.0.0.0",
                "protocol": "tcp"
              }
            ],
            "privileged": false,
            "publish_all_ports": false,
            "read_only": false,
            "remove_volumes": true,
            "restart": "always",
            "rm": false,
            "runtime": "runc",
            "security_opts": [],
            "shm_size": 64,
            "start": true,
            "stdin_open": false,
            "stop_signal": "SIGINT",
            "stop_timeout": 0,
            "storage_opts": {},
            "sysctls": {},
            "tmpfs": {},
            "tty": false,
            "ulimit": [],
            "upload": [],
            "user": "",
            "userns_mode": "",
            "volumes": [],
            "wait": false,
            "wait_timeout": 60,
            "working_dir": ""
          },
          "sensitive_attributes": [],
          "identity_schema_version": 0,
          "private": "eyJzY2hlbWFfdmVyc2lvbiI6IjIifQ==",
          "dependencies": [
            "data.docker_registry_image.postgres",
            "docker_image.postgres",
            "docker_network.app_net",
            "docker_volume.src_db_data"
          ]
        }
      ]
    },
    {
      "mode": "managed",
      "type": "docker_image",
      "name": "nginx",
      "provider": "provider[\"registry.terraform.io/kreuzwerker/docker\"]",
      "instances": [
        {
          "schema_version": 0,
          "attributes": {
            "build": [],
            "force_remove": null,
            "id": "sha256:35f3cbee4fb77c3efb39f2723a21ce181906139442a37de8ffc52d89641d9936nginx:alpine",
            "image_id": "sha256:35f3cbee4fb77c3efb39f2723a21ce181906139442a37de8ffc52d89641d9936",
            "keep_locally": null,
            "name": "nginx:alpine",
            "platform": null,
            "pull_triggers": [
              "sha256:42a516af16b852e33b7682d5ef8acbd5d13fe08fecadc7ed98605ba5e3b26ab8"
            ],
            "repo_digest": "nginx@sha256:42a516af16b852e33b7682d5ef8acbd5d13fe08fecadc7ed98605ba5e3b26ab8",
            "timeouts": null,
            "triggers": null
          },
          "sensitive_attributes": [],
          "identity_schema_version": 0,
          "private": "eyJlMmJmYjczMC1lY2FhLTExZTYtOGY4OC0zNDM2M2JjN2M0YzAiOnsiY3JlYXRlIjoxMjAwMDAwMDAwMDAwLCJkZWxldGUiOjEyMDAwMDAwMDAwMDAsInVwZGF0ZSI6MTIwMDAwMDAwMDAwMH19",
          "dependencies": [
            "data.docker_registry_image.nginx"
          ]
        }
      ]
    },
    {
      "mode": "managed",
      "type": "docker_image",
      "name": "postgres",
      "provider": "provider[\"registry.terraform.io/kreuzwerker/docker\"]",
      "instances": [
        {
          "schema_version": 0,
          "attributes": {
            "build": [],
            "force_remove": null,
            "id": "sha256:168a71fae92e8581e8f6565282cc28252471518f1a898d754c28e45ac00cfcd5postgres:16",
            "image_id": "sha256:168a71fae92e8581e8f6565282cc28252471518f1a898d754c28e45ac00cfcd5",
            "keep_locally": null,
            "name": "postgres:16",
            "platform": null,
            "pull_triggers": [
              "sha256:b477759d38be47671d54a054d832791f8ddb9f0eaf6faf51ed17516087793a66"
            ],
            "repo_digest": "postgres@sha256:b477759d38be47671d54a054d832791f8ddb9f0eaf6faf51ed17516087793a66",
            "timeouts": null,
            "triggers": null
          },
          "sensitive_attributes": [],
          "identity_schema_version": 0,
          "private": "eyJlMmJmYjczMC1lY2FhLTExZTYtOGY4OC0zNDM2M2JjN2M0YzAiOnsiY3JlYXRlIjoxMjAwMDAwMDAwMDAwLCJkZWxldGUiOjEyMDAwMDAwMDAwMDAsInVwZGF0ZSI6MTIwMDAwMDAwMDAwMH19",
          "dependencies": [
            "data.docker_registry_image.postgres"
          ]
        }
      ]
    },
    {
      "mode": "managed",
      "type": "docker_network",
      "name": "app_net",
      "provider": "provider[\"registry.terraform.io/kreuzwerker/docker\"]",
      "instances": [
        {
          "schema_version": 1,
          "attributes": {
            "attachable": false,
            "check_duplicate": null,
            "driver": "bridge",
            "id": "430c2ed8a0a7374cb8a4b264827029918c95768b5b830ee04642c6ca2922a536",
            "ingress": false,
            "internal": false,
            "ipam_config": [
              {
                "aux_address": {},
                "gateway": "172.18.0.1",
                "ip_range": "",
                "subnet": "172.18.0.0/16"
              }
            ],
            "ipam_driver": "default",
            "ipam_options": {},
            "ipv6": false,
            "labels": [],
            "name": "app_net",
            "options": {},
            "scope": "local"
          },
          "sensitive_attributes": [],
          "identity_schema_version": 0,
          "private": "eyJzY2hlbWFfdmVyc2lvbiI6IjEifQ=="
        }
      ]
    },
    {
      "mode": "managed",
      "type": "docker_volume",
      "name": "dst_db_data",
      "provider": "provider[\"registry.terraform.io/kreuzwerker/docker\"]",
      "instances": [
        {
          "schema_version": 1,
          "attributes": {
            "driver": "local",
            "driver_opts": {},
            "id": "dst_db_data",
            "labels": [],
            "mountpoint": "/var/lib/docker/volumes/dst_db_data/_data",
            "name": "dst_db_data"
          },
          "sensitive_attributes": [],
          "identity_schema_version": 0,
          "private": "eyJzY2hlbWFfdmVyc2lvbiI6IjEifQ=="
        }
      ]
    },
    {
      "mode": "managed",
      "type": "docker_volume",
      "name": "src_db_data",
      "provider": "provider[\"registry.terraform.io/kreuzwerker/docker\"]",
      "instances": [
        {
          "schema_version": 1,
          "attributes": {
            "driver": "local",
            "driver_opts": {},
            "id": "src_db_data",
            "labels": [],
            "mountpoint": "/var/lib/docker/volumes/src_db_data/_data",
            "name": "src_db_data"
          },
          "sensitive_attributes": [],
          "identity_schema_version": 0,
          "private": "eyJzY2hlbWFfdmVyc2lvbiI6IjEifQ=="
        }
      ]
    },
    {
      "module": "module.spark_cluster",
      "mode": "data",
      "type": "docker_network",
      "name": "app",
      "provider": "provider[\"registry.terraform.io/kreuzwerker/docker\"]",
      "instances": [
        {
          "schema_version": 0,
          "attributes": {
            "driver": "bridge",
            "id": "430c2ed8a0a7374cb8a4b264827029918c95768b5b830ee04642c6ca2922a536",
            "internal": false,
            "ipam_config": [
              {
                "aux_address": {},
                "gateway": "172.18.0.1",
                "ip_range": "",
                "subnet": "172.18.0.0/16"
              }
            ],
            "name": "app_net",
            "options": {},
            "scope": "local"
          },
          "sensitive_attributes": [],
          "identity_schema_version": 0
        }
      ]
    },
    {
      "module": "module.spark_cluster",
      "mode": "managed",
      "type": "docker_container",
      "name": "minio",
      "provider": "provider[\"registry.terraform.io/kreuzwerker/docker\"]",
      "instances": []
    },
    {
      "module": "module.spark_cluster",
      "mode": "managed",
      "type": "docker_image",
      "name": "jupyter",
      "provider": "provider[\"registry.terraform.io/kreuzwerker/docker\"]",
      "instances": [
        {
          "schema_version": 0,
          "attributes": {
            "build": [],
            "force_remove": null,
            "id": "sha256:f9812cafba5debd1dca856ea5677e476b2dac2351edc3bda39eac5965aab2c55jupyter/pyspark-notebook:python-3.11",
            "image_id": "sha256:f9812cafba5debd1dca856ea5677e476b2dac2351edc3bda39eac5965aab2c55",
            "keep_locally": null,
            "name": "jupyter/pyspark-notebook:python-3.11",
            "platform": null,
            "pull_triggers": null,
            "repo_digest": "jupyter/pyspark-notebook@sha256:58377aaa152b741e244f201679f96d909a024ea337088cc276b0ee32ab3f076f",
            "timeouts": null,
            "triggers": null
          },
          "sensitive_attributes": [],
          "identity_schema_version": 0,
          "private": "eyJlMmJmYjczMC1lY2FhLTExZTYtOGY4OC0zNDM2M2JjN2M0YzAiOnsiY3JlYXRlIjoxMjAwMDAwMDAwMDAwLCJkZWxldGUiOjEyMDAwMDAwMDAwMDAsInVwZGF0ZSI6MTIwMDAwMDAwMDAwMH19"
        }
      ]
    },
    {
      "module": "module.spark_cluster",
      "mode": "managed",
      "type": "docker_image",
      "name": "minio",
      "provider": "provider[\"registry.terraform.io/kreuzwerker/docker\"]",
      "instances": []
    },
    {
      "module": "module.spark_cluster",
      "mode": "managed",
      "type": "docker_volume",
      "name": "jupyter_home",
      "provider": "provider[\"registry.terraform.io/kreuzwerker/docker\"]",
      "instances": [
        {
          "schema_version": 1,
          "attributes": {
            "driver": "local",
            "driver_opts": null,
            "id": "jupyter_home",
            "labels": [],
            "mountpoint": "/var/lib/docker/volumes/jupyter_home/_data",
            "name": "jupyter_home"
          },
          "sensitive_attributes": [],
          "identity_schema_version": 0,
          "private": "eyJzY2hlbWFfdmVyc2lvbiI6IjEifQ=="
        }
      ]
    },
    {
      "module": "module.spark_cluster",
      "mode": "managed",
      "type": "docker_volume",
      "name": "minio_data",
      "provider": "provider[\"registry.terraform.io/kreuzwerker/docker\"]",
      "instances": [
        {
          "schema_version": 1,
          "attributes": {
            "driver": "local",
            "driver_opts": null,
            "id": "minio_data",
            "labels": [],
            "mountpoint": "/var/lib/docker/volumes/minio_data/_data",
            "name": "minio_data"
          },
          "sensitive_attributes": [],
          "identity_schema_version": 0,
          "private": "eyJzY2hlbWFfdmVyc2lvbiI6IjEifQ=="
        }
      ]
    },
    {
      "module": "module.spark_cluster",
      "mode": "managed",
      "type": "docker_volume",
      "name": "spark_apps",
      "provider": "provider[\"registry.terraform.io/kreuzwerker/docker\"]",
      "instances": [
        {
          "schema_version": 1,
          "attributes": {
            "driver": "local",
            "driver_opts": null,
            "id": "spark_apps",
            "labels": [],
            "mountpoint": "/var/lib/docker/volumes/spark_apps/_data",
            "name": "spark_apps"
          },
          "sensitive_attributes": [],
          "identity_schema_version": 0,
          "private": "eyJzY2hlbWFfdmVyc2lvbiI6IjEifQ=="
        }
      ]
    },
    {
      "module": "module.spark_cluster",
      "mode": "managed",
      "type": "docker_volume",
      "name": "spark_events",
      "provider": "provider[\"registry.terraform.io/kreuzwerker/docker\"]",
      "instances": [
        {
          "schema_version": 1,
          "attributes": {
            "driver": "local",
            "driver_opts": null,
            "id": "spark_events",
            "labels": [],
            "mountpoint": "/var/lib/docker/volumes/spark_events/_data",
            "name": "spark_events"
          },
          "sensitive_attributes": [],
          "identity_schema_version": 0,
          "private": "eyJzY2hlbWFfdmVyc2lvbiI6IjEifQ=="
        }
      ]
    }
  ],
  "check_results": null
}
